
Microsoft Visual Studio Solution File, Format Version 12.00
# Visual Studio Version 18
VisualStudioVersion = 18.0.11222.15
MinimumVisualStudioVersion = 10.0.40219.1
Project("{2150E333-8FDC-42A3-9474-1A3956D46DE8}") = "src", "src", "{827E0CD3-B72D-47B6-A68D-7590B98EB39B}"
EndProject
Project("{FAE04EC0-301F-11D3-BF4B-00C04F79EFBC}") = "MouseEffects.Core", "src\MouseEffects.Core\MouseEffects.Core.csproj", "{12530382-EE14-41A7-834A-BEFFED3439FB}"
EndProject
Project("{FAE04EC0-301F-11D3-BF4B-00C04F79EFBC}") = "MouseEffects.DirectX", "src\MouseEffects.DirectX\MouseEffects.DirectX.csproj", "{EABF583A-A604-4DA7-8A80-687AD9E48F05}"
EndProject
Project("{FAE04EC0-301F-11D3-BF4B-00C04F79EFBC}") = "MouseEffects.Overlay", "src\MouseEffects.Overlay\MouseEffects.Overlay.csproj", "{B886B317-A924-41DF-8073-29DD5C9BFB01}"
EndProject
Project("{FAE04EC0-301F-11D3-BF4B-00C04F79EFBC}") = "MouseEffects.Input", "src\MouseEffects.Input\MouseEffects.Input.csproj", "{67604645-64B7-460C-8E51-C552F30D3873}"
EndProject
Project("{FAE04EC0-301F-11D3-BF4B-00C04F79EFBC}") = "MouseEffects.Plugins", "src\MouseEffects.Plugins\MouseEffects.Plugins.csproj", "{236E2217-9966-488C-80E5-33D33D2FFD32}"
EndProject
Project("{FAE04EC0-301F-11D3-BF4B-00C04F79EFBC}") = "MouseEffects.App", "src\MouseEffects.App\MouseEffects.App.csproj", "{283F570E-C138-4632-A701-F19575562241}"
EndProject
Project("{FAE04EC0-301F-11D3-BF4B-00C04F79EFBC}") = "MouseEffects.Effects.ParticleTrail", "plugins\MouseEffects.Effects.ParticleTrail\MouseEffects.Effects.ParticleTrail.csproj", "{3C1092AC-BB4E-41EA-81D7-A42A4BB83F49}"
EndProject
Project("{2150E333-8FDC-42A3-9474-1A3956D46DE8}") = "plugins", "plugins", "{07D57EEB-2F50-60C4-C011-FE4FA775C9A8}"
EndProject
Project("{FAE04EC0-301F-11D3-BF4B-00C04F79EFBC}") = "MouseEffects.Effects.LaserWork", "plugins\MouseEffects.Effects.LaserWork\MouseEffects.Effects.LaserWork.csproj", "{4EF2E758-D26E-408A-B91A-BBC3024028B1}"
EndProject
Project("{FAE04EC0-301F-11D3-BF4B-00C04F79EFBC}") = "MouseEffects.Effects.RadialDithering", "plugins\MouseEffects.Effects.RadialDithering\MouseEffects.Effects.RadialDithering.csproj", "{2D606F34-2208-41CE-9E04-1FA7381672F2}"
EndProject
Project("{FAE04EC0-301F-11D3-BF4B-00C04F79EFBC}") = "MouseEffects.Effects.TileVibration", "plugins\MouseEffects.Effects.TileVibration\MouseEffects.Effects.TileVibration.csproj", "{2C5B11C8-620F-4E92-AFB3-919ABF5C0A1B}"
EndProject
Project("{FAE04EC0-301F-11D3-BF4B-00C04F79EFBC}") = "MouseEffects.Effects.WaterRipple", "plugins\MouseEffects.Effects.WaterRipple\MouseEffects.Effects.WaterRipple.csproj", "{2ADD7A3D-88A8-44D5-87F8-F5C2F70DBF95}"
EndProject
Project("{FAE04EC0-301F-11D3-BF4B-00C04F79EFBC}") = "MouseEffects.Effects.Zoom", "plugins\MouseEffects.Effects.Zoom\MouseEffects.Effects.Zoom.csproj", "{3ECCE9F3-DD29-44E5-A70F-0AF9918AE294}"
EndProject
Project("{FAE04EC0-301F-11D3-BF4B-00C04F79EFBC}") = "MouseEffects.Effects.Firework", "plugins\MouseEffects.Effects.Firework\MouseEffects.Effects.Firework.csproj", "{44C06F51-8991-4431-8E8D-19D6CAA291B9}"
EndProject
Project("{FAE04EC0-301F-11D3-BF4B-00C04F79EFBC}") = "MouseEffects.Effects.Invaders", "plugins\MouseEffects.Effects.Invaders\MouseEffects.Effects.Invaders.csproj", "{8A34BF56-3B14-41E9-BE11-28AE6D8C18E8}"
EndProject
Project("{FAE04EC0-301F-11D3-BF4B-00C04F79EFBC}") = "MouseEffects.Effects.ColorBlindnessNG", "plugins\MouseEffects.Effects.ColorBlindnessNG\MouseEffects.Effects.ColorBlindnessNG.csproj", "{2855E2AB-FDA0-4A0C-826D-EAD37AFC15AD}"
EndProject
Project("{FAE04EC0-301F-11D3-BF4B-00C04F79EFBC}") = "MouseEffects.Effects.ASCIIZer", "plugins\MouseEffects.Effects.ASCIIZer\MouseEffects.Effects.ASCIIZer.csproj", "{880CF8B1-2E3B-4EE7-AF7D-0D3F18B725B7}"
EndProject
Project("{FAE04EC0-301F-11D3-BF4B-00C04F79EFBC}") = "MouseEffects.Effects.Retro", "plugins\MouseEffects.Effects.Retro\MouseEffects.Effects.Retro.csproj", "{CD9849B5-B919-43CE-9FA7-923481ED9778}"
EndProject
Project("{FAE04EC0-301F-11D3-BF4B-00C04F79EFBC}") = "MouseEffects.Effects.Tesla", "plugins\MouseEffects.Effects.Tesla\MouseEffects.Effects.Tesla.csproj", "{7AF5946F-49FA-4C91-BC2E-D7A6C6551CF1}"
EndProject
Project("{FAE04EC0-301F-11D3-BF4B-00C04F79EFBC}") = "MouseEffects.Effects.SacredGeometries", "plugins\MouseEffects.Effects.SacredGeometries\MouseEffects.Effects.SacredGeometries.csproj", "{270906C7-1602-486A-BFCB-1F11BE30F8D4}"
EndProject
Project("{FAE04EC0-301F-11D3-BF4B-00C04F79EFBC}") = "MouseEffects.Effects.PixieDust", "plugins\MouseEffects.Effects.PixieDust\MouseEffects.Effects.PixieDust.csproj", "{38F8130E-9920-4010-B7D6-52FE6637E477}"
EndProject
Project("{FAE04EC0-301F-11D3-BF4B-00C04F79EFBC}") = "MouseEffects.Effects.Portal", "plugins\MouseEffects.Effects.Portal\MouseEffects.Effects.Portal.csproj", "{B35D9E51-3519-4F76-82D4-000D76682F0B}"
EndProject
Project("{FAE04EC0-301F-11D3-BF4B-00C04F79EFBC}") = "MouseEffects.Effects.BlackHole", "plugins\MouseEffects.Effects.BlackHole\MouseEffects.Effects.BlackHole.csproj", "{BE1D6E77-778D-4426-AA55-F2958351078E}"
EndProject
Project("{FAE04EC0-301F-11D3-BF4B-00C04F79EFBC}") = "MouseEffects.Effects.Snowfall", "plugins\MouseEffects.Effects.Snowfall\MouseEffects.Effects.Snowfall.csproj", "{4AB588C8-2FCC-497E-9C93-389C7E58B294}"
EndProject
Project("{FAE04EC0-301F-11D3-BF4B-00C04F79EFBC}") = "MouseEffects.Effects.Aurora", "plugins\MouseEffects.Effects.Aurora\MouseEffects.Effects.Aurora.csproj", "{B1B000A9-B8F0-4058-8EE3-E6A259ABE8CD}"
EndProject
Project("{FAE04EC0-301F-11D3-BF4B-00C04F79EFBC}") = "MouseEffects.Effects.Fireflies", "plugins\MouseEffects.Effects.Fireflies\MouseEffects.Effects.Fireflies.csproj", "{F2AB3170-B83C-4F66-BF58-93F8FADEB291}"
EndProject
Project("{FAE04EC0-301F-11D3-BF4B-00C04F79EFBC}") = "MouseEffects.Effects.Confetti", "plugins\MouseEffects.Effects.Confetti\MouseEffects.Effects.Confetti.csproj", "{ED1579DB-B09F-4E92-9CEB-67ABA5FBB68C}"
EndProject
Project("{FAE04EC0-301F-11D3-BF4B-00C04F79EFBC}") = "MouseEffects.Effects.FallingLeaves", "plugins\MouseEffects.Effects.FallingLeaves\MouseEffects.Effects.FallingLeaves.csproj", "{B71D3664-0D29-4FB3-9930-76C8437FE509}"
EndProject
Project("{FAE04EC0-301F-11D3-BF4B-00C04F79EFBC}") = "MouseEffects.Effects.CherryBlossoms", "plugins\MouseEffects.Effects.CherryBlossoms\MouseEffects.Effects.CherryBlossoms.csproj", "{29519611-6B6A-4889-B2D5-13B1EEF1190A}"
EndProject
Project("{FAE04EC0-301F-11D3-BF4B-00C04F79EFBC}") = "MouseEffects.Effects.InkBlot", "plugins\MouseEffects.Effects.InkBlot\MouseEffects.Effects.InkBlot.csproj", "{40F7D63A-B87B-41B9-BA30-53BBCE1C5D98}"
EndProject
Project("{FAE04EC0-301F-11D3-BF4B-00C04F79EFBC}") = "MouseEffects.Effects.Glitch", "plugins\MouseEffects.Effects.Glitch\MouseEffects.Effects.Glitch.csproj", "{BECB9D06-B327-44F8-AB7C-66735921B936}"
EndProject
Project("{FAE04EC0-301F-11D3-BF4B-00C04F79EFBC}") = "MouseEffects.Effects.StarfieldWarp", "plugins\MouseEffects.Effects.StarfieldWarp\MouseEffects.Effects.StarfieldWarp.csproj", "{56BA6CC2-02B6-4B4E-BE8D-12E47E8BCC48}"
EndProject
Project("{FAE04EC0-301F-11D3-BF4B-00C04F79EFBC}") = "MouseEffects.Effects.Kaleidoscope", "plugins\MouseEffects.Effects.Kaleidoscope\MouseEffects.Effects.Kaleidoscope.csproj", "{00691588-4B0E-403C-89D0-0C169C05FBC4}"
EndProject
Project("{FAE04EC0-301F-11D3-BF4B-00C04F79EFBC}") = "MouseEffects.Effects.Hearts", "plugins\MouseEffects.Effects.Hearts\MouseEffects.Effects.Hearts.csproj", "{2FF6505A-D0A0-4A44-9307-325EA3BD4CC0}"
EndProject
Project("{FAE04EC0-301F-11D3-BF4B-00C04F79EFBC}") = "MouseEffects.Effects.Smoke", "plugins\MouseEffects.Effects.Smoke\MouseEffects.Effects.Smoke.csproj", "{B574B059-D733-4FF5-AEA2-A84F4FC043E9}"
EndProject
Project("{FAE04EC0-301F-11D3-BF4B-00C04F79EFBC}") = "MouseEffects.Effects.Circuit", "plugins\MouseEffects.Effects.Circuit\MouseEffects.Effects.Circuit.csproj", "{A88BC74D-DD0E-41E6-9E38-553784F4CD45}"
EndProject
Project("{FAE04EC0-301F-11D3-BF4B-00C04F79EFBC}") = "MouseEffects.Effects.Bubbles", "plugins\MouseEffects.Effects.Bubbles\MouseEffects.Effects.Bubbles.csproj", "{A90C5474-9D47-4776-85FC-98AF59A5E5C0}"
EndProject
Project("{FAE04EC0-301F-11D3-BF4B-00C04F79EFBC}") = "MouseEffects.Effects.DandelionSeeds", "plugins\MouseEffects.Effects.DandelionSeeds\MouseEffects.Effects.DandelionSeeds.csproj", "{6B7DED50-9BDF-4EA3-A422-7D00C6792828}"
EndProject
Project("{FAE04EC0-301F-11D3-BF4B-00C04F79EFBC}") = "MouseEffects.Effects.Hologram", "plugins\MouseEffects.Effects.Hologram\MouseEffects.Effects.Hologram.csproj", "{1F1E190C-9D5D-4C82-AB67-8EF399E6B64B}"
EndProject
Project("{FAE04EC0-301F-11D3-BF4B-00C04F79EFBC}") = "MouseEffects.Effects.GravityWell", "plugins\MouseEffects.Effects.GravityWell\MouseEffects.Effects.GravityWell.csproj", "{D6299AE2-D295-491B-966C-3FC6CA542BC9}"
EndProject
Project("{FAE04EC0-301F-11D3-BF4B-00C04F79EFBC}") = "MouseEffects.Effects.Spotlight", "plugins\MouseEffects.Effects.Spotlight\MouseEffects.Effects.Spotlight.csproj", "{C051869B-2186-4257-9227-DE322BED3D38}"
EndProject
Project("{FAE04EC0-301F-11D3-BF4B-00C04F79EFBC}") = "MouseEffects.Effects.CrystalGrowth", "plugins\MouseEffects.Effects.CrystalGrowth\MouseEffects.Effects.CrystalGrowth.csproj", "{763EEFEE-2A76-412A-BDD0-5AA0887AC73D}"
EndProject
Project("{FAE04EC0-301F-11D3-BF4B-00C04F79EFBC}") = "MouseEffects.Effects.DNAHelix", "plugins\MouseEffects.Effects.DNAHelix\MouseEffects.Effects.DNAHelix.csproj", "{0053E896-2B18-4C0D-8559-13E00AF1D550}"
EndProject
Project("{FAE04EC0-301F-11D3-BF4B-00C04F79EFBC}") = "MouseEffects.Effects.FireTrail", "plugins\MouseEffects.Effects.FireTrail\MouseEffects.Effects.FireTrail.csproj", "{99DED5E1-30CB-47A6-A3E3-F525F9F57B97}"
EndProject
Project("{FAE04EC0-301F-11D3-BF4B-00C04F79EFBC}") = "MouseEffects.Effects.LightningStorm", "plugins\MouseEffects.Effects.LightningStorm\MouseEffects.Effects.LightningStorm.csproj", "{EE194B86-8A24-4EDD-9C09-B89978056519}"
EndProject
Project("{FAE04EC0-301F-11D3-BF4B-00C04F79EFBC}") = "MouseEffects.Effects.Nebula", "plugins\MouseEffects.Effects.Nebula\MouseEffects.Effects.Nebula.csproj", "{A40DEE58-B18C-426A-9224-FBF5E27A487C}"
EndProject
Project("{FAE04EC0-301F-11D3-BF4B-00C04F79EFBC}") = "MouseEffects.Effects.PixelExplosion", "plugins\MouseEffects.Effects.PixelExplosion\MouseEffects.Effects.PixelExplosion.csproj", "{C548860E-4056-4AFF-BCF3-10F62A5A160B}"
EndProject
Project("{FAE04EC0-301F-11D3-BF4B-00C04F79EFBC}") = "MouseEffects.Effects.Shockwave", "plugins\MouseEffects.Effects.Shockwave\MouseEffects.Effects.Shockwave.csproj", "{D7B054CF-50BC-4B5E-9C6A-46872D37EFB0}"
EndProject
Project("{FAE04EC0-301F-11D3-BF4B-00C04F79EFBC}") = "MouseEffects.Effects.Spirograph", "plugins\MouseEffects.Effects.Spirograph\MouseEffects.Effects.Spirograph.csproj", "{F90FF68F-9C08-4734-B029-CEB8112561A9}"
EndProject
Project("{FAE04EC0-301F-11D3-BF4B-00C04F79EFBC}") = "MouseEffects.Effects.Retropede", "plugins\MouseEffects.Effects.Retropede\MouseEffects.Effects.Retropede.csproj", "{F2200147-0597-4A6D-B988-19AB8759008F}"
EndProject
Project("{FAE04EC0-301F-11D3-BF4B-00C04F79EFBC}") = "MouseEffects.Text", "src\MouseEffects.Text\MouseEffects.Text.csproj", "{24685743-7D53-4D70-98CC-64F52E3A242B}"
EndProject
Project("{FAE04EC0-301F-11D3-BF4B-00C04F79EFBC}") = "MouseEffects.Effects.RetroCommand", "plugins\MouseEffects.Effects.RetroCommand\MouseEffects.Effects.RetroCommand.csproj", "{A784C4D6-16F0-42F1-A6EC-8C776D006743}"
EndProject
Global
	GlobalSection(SolutionConfigurationPlatforms) = preSolution
		Debug|Any CPU = Debug|Any CPU
		Debug|x64 = Debug|x64
		Debug|x86 = Debug|x86
		Release|Any CPU = Release|Any CPU
		Release|x64 = Release|x64
		Release|x86 = Release|x86
	EndGlobalSection
	GlobalSection(ProjectConfigurationPlatforms) = postSolution
		{12530382-EE14-41A7-834A-BEFFED3439FB}.Debug|Any CPU.ActiveCfg = Debug|Any CPU
		{12530382-EE14-41A7-834A-BEFFED3439FB}.Debug|Any CPU.Build.0 = Debug|Any CPU
		{12530382-EE14-41A7-834A-BEFFED3439FB}.Debug|x64.ActiveCfg = Debug|Any CPU
		{12530382-EE14-41A7-834A-BEFFED3439FB}.Debug|x64.Build.0 = Debug|Any CPU
		{12530382-EE14-41A7-834A-BEFFED3439FB}.Debug|x86.ActiveCfg = Debug|Any CPU
		{12530382-EE14-41A7-834A-BEFFED3439FB}.Debug|x86.Build.0 = Debug|Any CPU
		{12530382-EE14-41A7-834A-BEFFED3439FB}.Release|Any CPU.ActiveCfg = Release|Any CPU
		{12530382-EE14-41A7-834A-BEFFED3439FB}.Release|Any CPU.Build.0 = Release|Any CPU
		{12530382-EE14-41A7-834A-BEFFED3439FB}.Release|x64.ActiveCfg = Release|Any CPU
		{12530382-EE14-41A7-834A-BEFFED3439FB}.Release|x64.Build.0 = Release|Any CPU
		{12530382-EE14-41A7-834A-BEFFED3439FB}.Release|x86.ActiveCfg = Release|Any CPU
		{12530382-EE14-41A7-834A-BEFFED3439FB}.Release|x86.Build.0 = Release|Any CPU
		{EABF583A-A604-4DA7-8A80-687AD9E48F05}.Debug|Any CPU.ActiveCfg = Debug|Any CPU
		{EABF583A-A604-4DA7-8A80-687AD9E48F05}.Debug|Any CPU.Build.0 = Debug|Any CPU
		{EABF583A-A604-4DA7-8A80-687AD9E48F05}.Debug|x64.ActiveCfg = Debug|Any CPU
		{EABF583A-A604-4DA7-8A80-687AD9E48F05}.Debug|x64.Build.0 = Debug|Any CPU
		{EABF583A-A604-4DA7-8A80-687AD9E48F05}.Debug|x86.ActiveCfg = Debug|Any CPU
		{EABF583A-A604-4DA7-8A80-687AD9E48F05}.Debug|x86.Build.0 = Debug|Any CPU
		{EABF583A-A604-4DA7-8A80-687AD9E48F05}.Release|Any CPU.ActiveCfg = Release|Any CPU
		{EABF583A-A604-4DA7-8A80-687AD9E48F05}.Release|Any CPU.Build.0 = Release|Any CPU
		{EABF583A-A604-4DA7-8A80-687AD9E48F05}.Release|x64.ActiveCfg = Release|Any CPU
		{EABF583A-A604-4DA7-8A80-687AD9E48F05}.Release|x64.Build.0 = Release|Any CPU
		{EABF583A-A604-4DA7-8A80-687AD9E48F05}.Release|x86.ActiveCfg = Release|Any CPU
		{EABF583A-A604-4DA7-8A80-687AD9E48F05}.Release|x86.Build.0 = Release|Any CPU
		{B886B317-A924-41DF-8073-29DD5C9BFB01}.Debug|Any CPU.ActiveCfg = Debug|Any CPU
		{B886B317-A924-41DF-8073-29DD5C9BFB01}.Debug|Any CPU.Build.0 = Debug|Any CPU
		{B886B317-A924-41DF-8073-29DD5C9BFB01}.Debug|x64.ActiveCfg = Debug|Any CPU
		{B886B317-A924-41DF-8073-29DD5C9BFB01}.Debug|x64.Build.0 = Debug|Any CPU
		{B886B317-A924-41DF-8073-29DD5C9BFB01}.Debug|x86.ActiveCfg = Debug|Any CPU
		{B886B317-A924-41DF-8073-29DD5C9BFB01}.Debug|x86.Build.0 = Debug|Any CPU
		{B886B317-A924-41DF-8073-29DD5C9BFB01}.Release|Any CPU.ActiveCfg = Release|Any CPU
		{B886B317-A924-41DF-8073-29DD5C9BFB01}.Release|Any CPU.Build.0 = Release|Any CPU
		{B886B317-A924-41DF-8073-29DD5C9BFB01}.Release|x64.ActiveCfg = Release|Any CPU
		{B886B317-A924-41DF-8073-29DD5C9BFB01}.Release|x64.Build.0 = Release|Any CPU
		{B886B317-A924-41DF-8073-29DD5C9BFB01}.Release|x86.ActiveCfg = Release|Any CPU
		{B886B317-A924-41DF-8073-29DD5C9BFB01}.Release|x86.Build.0 = Release|Any CPU
		{67604645-64B7-460C-8E51-C552F30D3873}.Debug|Any CPU.ActiveCfg = Debug|Any CPU
		{67604645-64B7-460C-8E51-C552F30D3873}.Debug|Any CPU.Build.0 = Debug|Any CPU
		{67604645-64B7-460C-8E51-C552F30D3873}.Debug|x64.ActiveCfg = Debug|Any CPU
		{67604645-64B7-460C-8E51-C552F30D3873}.Debug|x64.Build.0 = Debug|Any CPU
		{67604645-64B7-460C-8E51-C552F30D3873}.Debug|x86.ActiveCfg = Debug|Any CPU
		{67604645-64B7-460C-8E51-C552F30D3873}.Debug|x86.Build.0 = Debug|Any CPU
		{67604645-64B7-460C-8E51-C552F30D3873}.Release|Any CPU.ActiveCfg = Release|Any CPU
		{67604645-64B7-460C-8E51-C552F30D3873}.Release|Any CPU.Build.0 = Release|Any CPU
		{67604645-64B7-460C-8E51-C552F30D3873}.Release|x64.ActiveCfg = Release|Any CPU
		{67604645-64B7-460C-8E51-C552F30D3873}.Release|x64.Build.0 = Release|Any CPU
		{67604645-64B7-460C-8E51-C552F30D3873}.Release|x86.ActiveCfg = Release|Any CPU
		{67604645-64B7-460C-8E51-C552F30D3873}.Release|x86.Build.0 = Release|Any CPU
		{236E2217-9966-488C-80E5-33D33D2FFD32}.Debug|Any CPU.ActiveCfg = Debug|Any CPU
		{236E2217-9966-488C-80E5-33D33D2FFD32}.Debug|Any CPU.Build.0 = Debug|Any CPU
		{236E2217-9966-488C-80E5-33D33D2FFD32}.Debug|x64.ActiveCfg = Debug|Any CPU
		{236E2217-9966-488C-80E5-33D33D2FFD32}.Debug|x64.Build.0 = Debug|Any CPU
		{236E2217-9966-488C-80E5-33D33D2FFD32}.Debug|x86.ActiveCfg = Debug|Any CPU
		{236E2217-9966-488C-80E5-33D33D2FFD32}.Debug|x86.Build.0 = Debug|Any CPU
		{236E2217-9966-488C-80E5-33D33D2FFD32}.Release|Any CPU.ActiveCfg = Release|Any CPU
		{236E2217-9966-488C-80E5-33D33D2FFD32}.Release|Any CPU.Build.0 = Release|Any CPU
		{236E2217-9966-488C-80E5-33D33D2FFD32}.Release|x64.ActiveCfg = Release|Any CPU
		{236E2217-9966-488C-80E5-33D33D2FFD32}.Release|x64.Build.0 = Release|Any CPU
		{236E2217-9966-488C-80E5-33D33D2FFD32}.Release|x86.ActiveCfg = Release|Any CPU
		{236E2217-9966-488C-80E5-33D33D2FFD32}.Release|x86.Build.0 = Release|Any CPU
		{283F570E-C138-4632-A701-F19575562241}.Debug|Any CPU.ActiveCfg = Debug|x64
		{283F570E-C138-4632-A701-F19575562241}.Debug|Any CPU.Build.0 = Debug|x64
		{283F570E-C138-4632-A701-F19575562241}.Debug|x64.ActiveCfg = Debug|x64
		{283F570E-C138-4632-A701-F19575562241}.Debug|x64.Build.0 = Debug|x64
		{283F570E-C138-4632-A701-F19575562241}.Debug|x86.ActiveCfg = Debug|Any CPU
		{283F570E-C138-4632-A701-F19575562241}.Debug|x86.Build.0 = Debug|Any CPU
		{283F570E-C138-4632-A701-F19575562241}.Release|Any CPU.ActiveCfg = Release|x64
		{283F570E-C138-4632-A701-F19575562241}.Release|Any CPU.Build.0 = Release|x64
		{283F570E-C138-4632-A701-F19575562241}.Release|x64.ActiveCfg = Release|x64
		{283F570E-C138-4632-A701-F19575562241}.Release|x64.Build.0 = Release|x64
		{283F570E-C138-4632-A701-F19575562241}.Release|x86.ActiveCfg = Release|Any CPU
		{283F570E-C138-4632-A701-F19575562241}.Release|x86.Build.0 = Release|Any CPU
		{3C1092AC-BB4E-41EA-81D7-A42A4BB83F49}.Debug|Any CPU.ActiveCfg = Debug|x64
		{3C1092AC-BB4E-41EA-81D7-A42A4BB83F49}.Debug|Any CPU.Build.0 = Debug|x64
		{3C1092AC-BB4E-41EA-81D7-A42A4BB83F49}.Debug|x64.ActiveCfg = Debug|x64
		{3C1092AC-BB4E-41EA-81D7-A42A4BB83F49}.Debug|x64.Build.0 = Debug|x64
		{3C1092AC-BB4E-41EA-81D7-A42A4BB83F49}.Debug|x86.ActiveCfg = Debug|Any CPU
		{3C1092AC-BB4E-41EA-81D7-A42A4BB83F49}.Debug|x86.Build.0 = Debug|Any CPU
		{3C1092AC-BB4E-41EA-81D7-A42A4BB83F49}.Release|Any CPU.ActiveCfg = Release|x64
		{3C1092AC-BB4E-41EA-81D7-A42A4BB83F49}.Release|Any CPU.Build.0 = Release|x64
		{3C1092AC-BB4E-41EA-81D7-A42A4BB83F49}.Release|x64.ActiveCfg = Release|x64
		{3C1092AC-BB4E-41EA-81D7-A42A4BB83F49}.Release|x64.Build.0 = Release|x64
		{3C1092AC-BB4E-41EA-81D7-A42A4BB83F49}.Release|x86.ActiveCfg = Release|Any CPU
		{3C1092AC-BB4E-41EA-81D7-A42A4BB83F49}.Release|x86.Build.0 = Release|Any CPU
		{4EF2E758-D26E-408A-B91A-BBC3024028B1}.Debug|Any CPU.ActiveCfg = Debug|x64
		{4EF2E758-D26E-408A-B91A-BBC3024028B1}.Debug|Any CPU.Build.0 = Debug|x64
		{4EF2E758-D26E-408A-B91A-BBC3024028B1}.Debug|x64.ActiveCfg = Debug|x64
		{4EF2E758-D26E-408A-B91A-BBC3024028B1}.Debug|x64.Build.0 = Debug|x64
		{4EF2E758-D26E-408A-B91A-BBC3024028B1}.Debug|x86.ActiveCfg = Debug|Any CPU
		{4EF2E758-D26E-408A-B91A-BBC3024028B1}.Debug|x86.Build.0 = Debug|Any CPU
		{4EF2E758-D26E-408A-B91A-BBC3024028B1}.Release|Any CPU.ActiveCfg = Release|x64
		{4EF2E758-D26E-408A-B91A-BBC3024028B1}.Release|Any CPU.Build.0 = Release|x64
		{4EF2E758-D26E-408A-B91A-BBC3024028B1}.Release|x64.ActiveCfg = Release|x64
		{4EF2E758-D26E-408A-B91A-BBC3024028B1}.Release|x64.Build.0 = Release|x64
		{4EF2E758-D26E-408A-B91A-BBC3024028B1}.Release|x86.ActiveCfg = Release|Any CPU
		{4EF2E758-D26E-408A-B91A-BBC3024028B1}.Release|x86.Build.0 = Release|Any CPU
		{2D606F34-2208-41CE-9E04-1FA7381672F2}.Debug|Any CPU.ActiveCfg = Debug|x64
		{2D606F34-2208-41CE-9E04-1FA7381672F2}.Debug|Any CPU.Build.0 = Debug|x64
		{2D606F34-2208-41CE-9E04-1FA7381672F2}.Debug|x64.ActiveCfg = Debug|x64
		{2D606F34-2208-41CE-9E04-1FA7381672F2}.Debug|x64.Build.0 = Debug|x64
		{2D606F34-2208-41CE-9E04-1FA7381672F2}.Debug|x86.ActiveCfg = Debug|Any CPU
		{2D606F34-2208-41CE-9E04-1FA7381672F2}.Debug|x86.Build.0 = Debug|Any CPU
		{2D606F34-2208-41CE-9E04-1FA7381672F2}.Release|Any CPU.ActiveCfg = Release|x64
		{2D606F34-2208-41CE-9E04-1FA7381672F2}.Release|Any CPU.Build.0 = Release|x64
		{2D606F34-2208-41CE-9E04-1FA7381672F2}.Release|x64.ActiveCfg = Release|x64
		{2D606F34-2208-41CE-9E04-1FA7381672F2}.Release|x64.Build.0 = Release|x64
		{2D606F34-2208-41CE-9E04-1FA7381672F2}.Release|x86.ActiveCfg = Release|Any CPU
		{2D606F34-2208-41CE-9E04-1FA7381672F2}.Release|x86.Build.0 = Release|Any CPU
		{2C5B11C8-620F-4E92-AFB3-919ABF5C0A1B}.Debug|Any CPU.ActiveCfg = Debug|x64
		{2C5B11C8-620F-4E92-AFB3-919ABF5C0A1B}.Debug|Any CPU.Build.0 = Debug|x64
		{2C5B11C8-620F-4E92-AFB3-919ABF5C0A1B}.Debug|x64.ActiveCfg = Debug|x64
		{2C5B11C8-620F-4E92-AFB3-919ABF5C0A1B}.Debug|x64.Build.0 = Debug|x64
		{2C5B11C8-620F-4E92-AFB3-919ABF5C0A1B}.Debug|x86.ActiveCfg = Debug|Any CPU
		{2C5B11C8-620F-4E92-AFB3-919ABF5C0A1B}.Debug|x86.Build.0 = Debug|Any CPU
		{2C5B11C8-620F-4E92-AFB3-919ABF5C0A1B}.Release|Any CPU.ActiveCfg = Release|x64
		{2C5B11C8-620F-4E92-AFB3-919ABF5C0A1B}.Release|Any CPU.Build.0 = Release|x64
		{2C5B11C8-620F-4E92-AFB3-919ABF5C0A1B}.Release|x64.ActiveCfg = Release|x64
		{2C5B11C8-620F-4E92-AFB3-919ABF5C0A1B}.Release|x64.Build.0 = Release|x64
		{2C5B11C8-620F-4E92-AFB3-919ABF5C0A1B}.Release|x86.ActiveCfg = Release|Any CPU
		{2C5B11C8-620F-4E92-AFB3-919ABF5C0A1B}.Release|x86.Build.0 = Release|Any CPU
		{2ADD7A3D-88A8-44D5-87F8-F5C2F70DBF95}.Debug|Any CPU.ActiveCfg = Debug|x64
		{2ADD7A3D-88A8-44D5-87F8-F5C2F70DBF95}.Debug|Any CPU.Build.0 = Debug|x64
		{2ADD7A3D-88A8-44D5-87F8-F5C2F70DBF95}.Debug|x64.ActiveCfg = Debug|x64
		{2ADD7A3D-88A8-44D5-87F8-F5C2F70DBF95}.Debug|x64.Build.0 = Debug|x64
		{2ADD7A3D-88A8-44D5-87F8-F5C2F70DBF95}.Debug|x86.ActiveCfg = Debug|x64
		{2ADD7A3D-88A8-44D5-87F8-F5C2F70DBF95}.Debug|x86.Build.0 = Debug|x64
		{2ADD7A3D-88A8-44D5-87F8-F5C2F70DBF95}.Release|Any CPU.ActiveCfg = Release|x64
		{2ADD7A3D-88A8-44D5-87F8-F5C2F70DBF95}.Release|Any CPU.Build.0 = Release|x64
		{2ADD7A3D-88A8-44D5-87F8-F5C2F70DBF95}.Release|x64.ActiveCfg = Release|x64
		{2ADD7A3D-88A8-44D5-87F8-F5C2F70DBF95}.Release|x64.Build.0 = Release|x64
		{2ADD7A3D-88A8-44D5-87F8-F5C2F70DBF95}.Release|x86.ActiveCfg = Release|x64
		{2ADD7A3D-88A8-44D5-87F8-F5C2F70DBF95}.Release|x86.Build.0 = Release|x64
		{3ECCE9F3-DD29-44E5-A70F-0AF9918AE294}.Debug|Any CPU.ActiveCfg = Debug|x64
		{3ECCE9F3-DD29-44E5-A70F-0AF9918AE294}.Debug|Any CPU.Build.0 = Debug|x64
		{3ECCE9F3-DD29-44E5-A70F-0AF9918AE294}.Debug|x64.ActiveCfg = Debug|x64
		{3ECCE9F3-DD29-44E5-A70F-0AF9918AE294}.Debug|x64.Build.0 = Debug|x64
		{3ECCE9F3-DD29-44E5-A70F-0AF9918AE294}.Debug|x86.ActiveCfg = Debug|x64
		{3ECCE9F3-DD29-44E5-A70F-0AF9918AE294}.Debug|x86.Build.0 = Debug|x64
		{3ECCE9F3-DD29-44E5-A70F-0AF9918AE294}.Release|Any CPU.ActiveCfg = Release|x64
		{3ECCE9F3-DD29-44E5-A70F-0AF9918AE294}.Release|Any CPU.Build.0 = Release|x64
		{3ECCE9F3-DD29-44E5-A70F-0AF9918AE294}.Release|x64.ActiveCfg = Release|x64
		{3ECCE9F3-DD29-44E5-A70F-0AF9918AE294}.Release|x64.Build.0 = Release|x64
		{3ECCE9F3-DD29-44E5-A70F-0AF9918AE294}.Release|x86.ActiveCfg = Release|x64
		{3ECCE9F3-DD29-44E5-A70F-0AF9918AE294}.Release|x86.Build.0 = Release|x64
		{44C06F51-8991-4431-8E8D-19D6CAA291B9}.Debug|Any CPU.ActiveCfg = Debug|x64
		{44C06F51-8991-4431-8E8D-19D6CAA291B9}.Debug|Any CPU.Build.0 = Debug|x64
		{44C06F51-8991-4431-8E8D-19D6CAA291B9}.Debug|x64.ActiveCfg = Debug|x64
		{44C06F51-8991-4431-8E8D-19D6CAA291B9}.Debug|x64.Build.0 = Debug|x64
		{44C06F51-8991-4431-8E8D-19D6CAA291B9}.Debug|x86.ActiveCfg = Debug|x64
		{44C06F51-8991-4431-8E8D-19D6CAA291B9}.Debug|x86.Build.0 = Debug|x64
		{44C06F51-8991-4431-8E8D-19D6CAA291B9}.Release|Any CPU.ActiveCfg = Release|x64
		{44C06F51-8991-4431-8E8D-19D6CAA291B9}.Release|Any CPU.Build.0 = Release|x64
		{44C06F51-8991-4431-8E8D-19D6CAA291B9}.Release|x64.ActiveCfg = Release|x64
		{44C06F51-8991-4431-8E8D-19D6CAA291B9}.Release|x64.Build.0 = Release|x64
		{44C06F51-8991-4431-8E8D-19D6CAA291B9}.Release|x86.ActiveCfg = Release|x64
		{44C06F51-8991-4431-8E8D-19D6CAA291B9}.Release|x86.Build.0 = Release|x64
		{8A34BF56-3B14-41E9-BE11-28AE6D8C18E8}.Debug|Any CPU.ActiveCfg = Debug|x64
		{8A34BF56-3B14-41E9-BE11-28AE6D8C18E8}.Debug|Any CPU.Build.0 = Debug|x64
		{8A34BF56-3B14-41E9-BE11-28AE6D8C18E8}.Debug|x64.ActiveCfg = Debug|x64
		{8A34BF56-3B14-41E9-BE11-28AE6D8C18E8}.Debug|x64.Build.0 = Debug|x64
		{8A34BF56-3B14-41E9-BE11-28AE6D8C18E8}.Debug|x86.ActiveCfg = Debug|x64
		{8A34BF56-3B14-41E9-BE11-28AE6D8C18E8}.Debug|x86.Build.0 = Debug|x64
		{8A34BF56-3B14-41E9-BE11-28AE6D8C18E8}.Release|Any CPU.ActiveCfg = Release|x64
		{8A34BF56-3B14-41E9-BE11-28AE6D8C18E8}.Release|Any CPU.Build.0 = Release|x64
		{8A34BF56-3B14-41E9-BE11-28AE6D8C18E8}.Release|x64.ActiveCfg = Release|x64
		{8A34BF56-3B14-41E9-BE11-28AE6D8C18E8}.Release|x64.Build.0 = Release|x64
		{8A34BF56-3B14-41E9-BE11-28AE6D8C18E8}.Release|x86.ActiveCfg = Release|x64
		{8A34BF56-3B14-41E9-BE11-28AE6D8C18E8}.Release|x86.Build.0 = Release|x64
		{2855E2AB-FDA0-4A0C-826D-EAD37AFC15AD}.Debug|Any CPU.ActiveCfg = Debug|x64
		{2855E2AB-FDA0-4A0C-826D-EAD37AFC15AD}.Debug|Any CPU.Build.0 = Debug|x64
		{2855E2AB-FDA0-4A0C-826D-EAD37AFC15AD}.Debug|x64.ActiveCfg = Debug|x64
		{2855E2AB-FDA0-4A0C-826D-EAD37AFC15AD}.Debug|x64.Build.0 = Debug|x64
		{2855E2AB-FDA0-4A0C-826D-EAD37AFC15AD}.Debug|x86.ActiveCfg = Debug|x64
		{2855E2AB-FDA0-4A0C-826D-EAD37AFC15AD}.Debug|x86.Build.0 = Debug|x64
		{2855E2AB-FDA0-4A0C-826D-EAD37AFC15AD}.Release|Any CPU.ActiveCfg = Release|x64
		{2855E2AB-FDA0-4A0C-826D-EAD37AFC15AD}.Release|Any CPU.Build.0 = Release|x64
		{2855E2AB-FDA0-4A0C-826D-EAD37AFC15AD}.Release|x64.ActiveCfg = Release|x64
		{2855E2AB-FDA0-4A0C-826D-EAD37AFC15AD}.Release|x64.Build.0 = Release|x64
		{2855E2AB-FDA0-4A0C-826D-EAD37AFC15AD}.Release|x86.ActiveCfg = Release|x64
		{2855E2AB-FDA0-4A0C-826D-EAD37AFC15AD}.Release|x86.Build.0 = Release|x64
		{880CF8B1-2E3B-4EE7-AF7D-0D3F18B725B7}.Debug|Any CPU.ActiveCfg = Debug|x64
		{880CF8B1-2E3B-4EE7-AF7D-0D3F18B725B7}.Debug|Any CPU.Build.0 = Debug|x64
		{880CF8B1-2E3B-4EE7-AF7D-0D3F18B725B7}.Debug|x64.ActiveCfg = Debug|x64
		{880CF8B1-2E3B-4EE7-AF7D-0D3F18B725B7}.Debug|x64.Build.0 = Debug|x64
		{880CF8B1-2E3B-4EE7-AF7D-0D3F18B725B7}.Debug|x86.ActiveCfg = Debug|x64
		{880CF8B1-2E3B-4EE7-AF7D-0D3F18B725B7}.Debug|x86.Build.0 = Debug|x64
		{880CF8B1-2E3B-4EE7-AF7D-0D3F18B725B7}.Release|Any CPU.ActiveCfg = Release|x64
		{880CF8B1-2E3B-4EE7-AF7D-0D3F18B725B7}.Release|Any CPU.Build.0 = Release|x64
		{880CF8B1-2E3B-4EE7-AF7D-0D3F18B725B7}.Release|x64.ActiveCfg = Release|x64
		{880CF8B1-2E3B-4EE7-AF7D-0D3F18B725B7}.Release|x64.Build.0 = Release|x64
		{880CF8B1-2E3B-4EE7-AF7D-0D3F18B725B7}.Release|x86.ActiveCfg = Release|x64
		{880CF8B1-2E3B-4EE7-AF7D-0D3F18B725B7}.Release|x86.Build.0 = Release|x64
		{CD9849B5-B919-43CE-9FA7-923481ED9778}.Debug|Any CPU.ActiveCfg = Debug|x64
		{CD9849B5-B919-43CE-9FA7-923481ED9778}.Debug|Any CPU.Build.0 = Debug|x64
		{CD9849B5-B919-43CE-9FA7-923481ED9778}.Debug|x64.ActiveCfg = Debug|x64
		{CD9849B5-B919-43CE-9FA7-923481ED9778}.Debug|x64.Build.0 = Debug|x64
		{CD9849B5-B919-43CE-9FA7-923481ED9778}.Debug|x86.ActiveCfg = Debug|x64
		{CD9849B5-B919-43CE-9FA7-923481ED9778}.Debug|x86.Build.0 = Debug|x64
		{CD9849B5-B919-43CE-9FA7-923481ED9778}.Release|Any CPU.ActiveCfg = Release|x64
		{CD9849B5-B919-43CE-9FA7-923481ED9778}.Release|Any CPU.Build.0 = Release|x64
		{CD9849B5-B919-43CE-9FA7-923481ED9778}.Release|x64.ActiveCfg = Release|x64
		{CD9849B5-B919-43CE-9FA7-923481ED9778}.Release|x64.Build.0 = Release|x64
		{CD9849B5-B919-43CE-9FA7-923481ED9778}.Release|x86.ActiveCfg = Release|x64
		{CD9849B5-B919-43CE-9FA7-923481ED9778}.Release|x86.Build.0 = Release|x64
		{7AF5946F-49FA-4C91-BC2E-D7A6C6551CF1}.Debug|Any CPU.ActiveCfg = Debug|x64
		{7AF5946F-49FA-4C91-BC2E-D7A6C6551CF1}.Debug|Any CPU.Build.0 = Debug|x64
		{7AF5946F-49FA-4C91-BC2E-D7A6C6551CF1}.Debug|x64.ActiveCfg = Debug|x64
		{7AF5946F-49FA-4C91-BC2E-D7A6C6551CF1}.Debug|x64.Build.0 = Debug|x64
		{7AF5946F-49FA-4C91-BC2E-D7A6C6551CF1}.Debug|x86.ActiveCfg = Debug|x64
		{7AF5946F-49FA-4C91-BC2E-D7A6C6551CF1}.Debug|x86.Build.0 = Debug|x64
		{7AF5946F-49FA-4C91-BC2E-D7A6C6551CF1}.Release|Any CPU.ActiveCfg = Release|x64
		{7AF5946F-49FA-4C91-BC2E-D7A6C6551CF1}.Release|Any CPU.Build.0 = Release|x64
		{7AF5946F-49FA-4C91-BC2E-D7A6C6551CF1}.Release|x64.ActiveCfg = Release|x64
		{7AF5946F-49FA-4C91-BC2E-D7A6C6551CF1}.Release|x64.Build.0 = Release|x64
		{7AF5946F-49FA-4C91-BC2E-D7A6C6551CF1}.Release|x86.ActiveCfg = Release|x64
		{7AF5946F-49FA-4C91-BC2E-D7A6C6551CF1}.Release|x86.Build.0 = Release|x64
		{270906C7-1602-486A-BFCB-1F11BE30F8D4}.Debug|Any CPU.ActiveCfg = Debug|x64
		{270906C7-1602-486A-BFCB-1F11BE30F8D4}.Debug|Any CPU.Build.0 = Debug|x64
		{270906C7-1602-486A-BFCB-1F11BE30F8D4}.Debug|x64.ActiveCfg = Debug|x64
		{270906C7-1602-486A-BFCB-1F11BE30F8D4}.Debug|x64.Build.0 = Debug|x64
		{270906C7-1602-486A-BFCB-1F11BE30F8D4}.Debug|x86.ActiveCfg = Debug|x64
		{270906C7-1602-486A-BFCB-1F11BE30F8D4}.Debug|x86.Build.0 = Debug|x64
		{270906C7-1602-486A-BFCB-1F11BE30F8D4}.Release|Any CPU.ActiveCfg = Release|x64
		{270906C7-1602-486A-BFCB-1F11BE30F8D4}.Release|Any CPU.Build.0 = Release|x64
		{270906C7-1602-486A-BFCB-1F11BE30F8D4}.Release|x64.ActiveCfg = Release|x64
		{270906C7-1602-486A-BFCB-1F11BE30F8D4}.Release|x64.Build.0 = Release|x64
		{270906C7-1602-486A-BFCB-1F11BE30F8D4}.Release|x86.ActiveCfg = Release|x64
		{270906C7-1602-486A-BFCB-1F11BE30F8D4}.Release|x86.Build.0 = Release|x64
		{38F8130E-9920-4010-B7D6-52FE6637E477}.Debug|Any CPU.ActiveCfg = Debug|x64
		{38F8130E-9920-4010-B7D6-52FE6637E477}.Debug|Any CPU.Build.0 = Debug|x64
		{38F8130E-9920-4010-B7D6-52FE6637E477}.Debug|x64.ActiveCfg = Debug|x64
		{38F8130E-9920-4010-B7D6-52FE6637E477}.Debug|x64.Build.0 = Debug|x64
		{38F8130E-9920-4010-B7D6-52FE6637E477}.Debug|x86.ActiveCfg = Debug|x64
		{38F8130E-9920-4010-B7D6-52FE6637E477}.Debug|x86.Build.0 = Debug|x64
		{38F8130E-9920-4010-B7D6-52FE6637E477}.Release|Any CPU.ActiveCfg = Release|x64
		{38F8130E-9920-4010-B7D6-52FE6637E477}.Release|Any CPU.Build.0 = Release|x64
		{38F8130E-9920-4010-B7D6-52FE6637E477}.Release|x64.ActiveCfg = Release|x64
		{38F8130E-9920-4010-B7D6-52FE6637E477}.Release|x64.Build.0 = Release|x64
		{38F8130E-9920-4010-B7D6-52FE6637E477}.Release|x86.ActiveCfg = Release|x64
		{38F8130E-9920-4010-B7D6-52FE6637E477}.Release|x86.Build.0 = Release|x64
		{B35D9E51-3519-4F76-82D4-000D76682F0B}.Debug|Any CPU.ActiveCfg = Debug|x64
		{B35D9E51-3519-4F76-82D4-000D76682F0B}.Debug|Any CPU.Build.0 = Debug|x64
		{B35D9E51-3519-4F76-82D4-000D76682F0B}.Debug|x64.ActiveCfg = Debug|x64
		{B35D9E51-3519-4F76-82D4-000D76682F0B}.Debug|x64.Build.0 = Debug|x64
		{B35D9E51-3519-4F76-82D4-000D76682F0B}.Debug|x86.ActiveCfg = Debug|x64
		{B35D9E51-3519-4F76-82D4-000D76682F0B}.Debug|x86.Build.0 = Debug|x64
		{B35D9E51-3519-4F76-82D4-000D76682F0B}.Release|Any CPU.ActiveCfg = Release|x64
		{B35D9E51-3519-4F76-82D4-000D76682F0B}.Release|Any CPU.Build.0 = Release|x64
		{B35D9E51-3519-4F76-82D4-000D76682F0B}.Release|x64.ActiveCfg = Release|x64
		{B35D9E51-3519-4F76-82D4-000D76682F0B}.Release|x64.Build.0 = Release|x64
		{B35D9E51-3519-4F76-82D4-000D76682F0B}.Release|x86.ActiveCfg = Release|x64
		{B35D9E51-3519-4F76-82D4-000D76682F0B}.Release|x86.Build.0 = Release|x64
		{BE1D6E77-778D-4426-AA55-F2958351078E}.Debug|Any CPU.ActiveCfg = Debug|x64
		{BE1D6E77-778D-4426-AA55-F2958351078E}.Debug|Any CPU.Build.0 = Debug|x64
		{BE1D6E77-778D-4426-AA55-F2958351078E}.Debug|x64.ActiveCfg = Debug|x64
		{BE1D6E77-778D-4426-AA55-F2958351078E}.Debug|x64.Build.0 = Debug|x64
		{BE1D6E77-778D-4426-AA55-F2958351078E}.Debug|x86.ActiveCfg = Debug|x64
		{BE1D6E77-778D-4426-AA55-F2958351078E}.Debug|x86.Build.0 = Debug|x64
		{BE1D6E77-778D-4426-AA55-F2958351078E}.Release|Any CPU.ActiveCfg = Release|x64
		{BE1D6E77-778D-4426-AA55-F2958351078E}.Release|Any CPU.Build.0 = Release|x64
		{BE1D6E77-778D-4426-AA55-F2958351078E}.Release|x64.ActiveCfg = Release|x64
		{BE1D6E77-778D-4426-AA55-F2958351078E}.Release|x64.Build.0 = Release|x64
		{BE1D6E77-778D-4426-AA55-F2958351078E}.Release|x86.ActiveCfg = Release|x64
		{BE1D6E77-778D-4426-AA55-F2958351078E}.Release|x86.Build.0 = Release|x64
		{4AB588C8-2FCC-497E-9C93-389C7E58B294}.Debug|Any CPU.ActiveCfg = Debug|x64
		{4AB588C8-2FCC-497E-9C93-389C7E58B294}.Debug|Any CPU.Build.0 = Debug|x64
		{4AB588C8-2FCC-497E-9C93-389C7E58B294}.Debug|x64.ActiveCfg = Debug|x64
		{4AB588C8-2FCC-497E-9C93-389C7E58B294}.Debug|x64.Build.0 = Debug|x64
		{4AB588C8-2FCC-497E-9C93-389C7E58B294}.Debug|x86.ActiveCfg = Debug|x64
		{4AB588C8-2FCC-497E-9C93-389C7E58B294}.Debug|x86.Build.0 = Debug|x64
		{4AB588C8-2FCC-497E-9C93-389C7E58B294}.Release|Any CPU.ActiveCfg = Release|x64
		{4AB588C8-2FCC-497E-9C93-389C7E58B294}.Release|Any CPU.Build.0 = Release|x64
		{4AB588C8-2FCC-497E-9C93-389C7E58B294}.Release|x64.ActiveCfg = Release|x64
		{4AB588C8-2FCC-497E-9C93-389C7E58B294}.Release|x64.Build.0 = Release|x64
		{4AB588C8-2FCC-497E-9C93-389C7E58B294}.Release|x86.ActiveCfg = Release|x64
		{4AB588C8-2FCC-497E-9C93-389C7E58B294}.Release|x86.Build.0 = Release|x64
		{B1B000A9-B8F0-4058-8EE3-E6A259ABE8CD}.Debug|Any CPU.ActiveCfg = Debug|x64
		{B1B000A9-B8F0-4058-8EE3-E6A259ABE8CD}.Debug|Any CPU.Build.0 = Debug|x64
		{B1B000A9-B8F0-4058-8EE3-E6A259ABE8CD}.Debug|x64.ActiveCfg = Debug|x64
		{B1B000A9-B8F0-4058-8EE3-E6A259ABE8CD}.Debug|x64.Build.0 = Debug|x64
		{B1B000A9-B8F0-4058-8EE3-E6A259ABE8CD}.Debug|x86.ActiveCfg = Debug|x64
		{B1B000A9-B8F0-4058-8EE3-E6A259ABE8CD}.Debug|x86.Build.0 = Debug|x64
		{B1B000A9-B8F0-4058-8EE3-E6A259ABE8CD}.Release|Any CPU.ActiveCfg = Release|x64
		{B1B000A9-B8F0-4058-8EE3-E6A259ABE8CD}.Release|Any CPU.Build.0 = Release|x64
		{B1B000A9-B8F0-4058-8EE3-E6A259ABE8CD}.Release|x64.ActiveCfg = Release|x64
		{B1B000A9-B8F0-4058-8EE3-E6A259ABE8CD}.Release|x64.Build.0 = Release|x64
		{B1B000A9-B8F0-4058-8EE3-E6A259ABE8CD}.Release|x86.ActiveCfg = Release|x64
		{B1B000A9-B8F0-4058-8EE3-E6A259ABE8CD}.Release|x86.Build.0 = Release|x64
		{F2AB3170-B83C-4F66-BF58-93F8FADEB291}.Debug|Any CPU.ActiveCfg = Debug|x64
		{F2AB3170-B83C-4F66-BF58-93F8FADEB291}.Debug|Any CPU.Build.0 = Debug|x64
		{F2AB3170-B83C-4F66-BF58-93F8FADEB291}.Debug|x64.ActiveCfg = Debug|x64
		{F2AB3170-B83C-4F66-BF58-93F8FADEB291}.Debug|x64.Build.0 = Debug|x64
		{F2AB3170-B83C-4F66-BF58-93F8FADEB291}.Debug|x86.ActiveCfg = Debug|x64
		{F2AB3170-B83C-4F66-BF58-93F8FADEB291}.Debug|x86.Build.0 = Debug|x64
		{F2AB3170-B83C-4F66-BF58-93F8FADEB291}.Release|Any CPU.ActiveCfg = Release|x64
		{F2AB3170-B83C-4F66-BF58-93F8FADEB291}.Release|Any CPU.Build.0 = Release|x64
		{F2AB3170-B83C-4F66-BF58-93F8FADEB291}.Release|x64.ActiveCfg = Release|x64
		{F2AB3170-B83C-4F66-BF58-93F8FADEB291}.Release|x64.Build.0 = Release|x64
		{F2AB3170-B83C-4F66-BF58-93F8FADEB291}.Release|x86.ActiveCfg = Release|x64
		{F2AB3170-B83C-4F66-BF58-93F8FADEB291}.Release|x86.Build.0 = Release|x64
		{ED1579DB-B09F-4E92-9CEB-67ABA5FBB68C}.Debug|Any CPU.ActiveCfg = Debug|x64
		{ED1579DB-B09F-4E92-9CEB-67ABA5FBB68C}.Debug|Any CPU.Build.0 = Debug|x64
		{ED1579DB-B09F-4E92-9CEB-67ABA5FBB68C}.Debug|x64.ActiveCfg = Debug|x64
		{ED1579DB-B09F-4E92-9CEB-67ABA5FBB68C}.Debug|x64.Build.0 = Debug|x64
		{ED1579DB-B09F-4E92-9CEB-67ABA5FBB68C}.Debug|x86.ActiveCfg = Debug|x64
		{ED1579DB-B09F-4E92-9CEB-67ABA5FBB68C}.Debug|x86.Build.0 = Debug|x64
		{ED1579DB-B09F-4E92-9CEB-67ABA5FBB68C}.Release|Any CPU.ActiveCfg = Release|x64
		{ED1579DB-B09F-4E92-9CEB-67ABA5FBB68C}.Release|Any CPU.Build.0 = Release|x64
		{ED1579DB-B09F-4E92-9CEB-67ABA5FBB68C}.Release|x64.ActiveCfg = Release|x64
		{ED1579DB-B09F-4E92-9CEB-67ABA5FBB68C}.Release|x64.Build.0 = Release|x64
		{ED1579DB-B09F-4E92-9CEB-67ABA5FBB68C}.Release|x86.ActiveCfg = Release|x64
		{ED1579DB-B09F-4E92-9CEB-67ABA5FBB68C}.Release|x86.Build.0 = Release|x64
		{B71D3664-0D29-4FB3-9930-76C8437FE509}.Debug|Any CPU.ActiveCfg = Debug|x64
		{B71D3664-0D29-4FB3-9930-76C8437FE509}.Debug|Any CPU.Build.0 = Debug|x64
		{B71D3664-0D29-4FB3-9930-76C8437FE509}.Debug|x64.ActiveCfg = Debug|x64
		{B71D3664-0D29-4FB3-9930-76C8437FE509}.Debug|x64.Build.0 = Debug|x64
		{B71D3664-0D29-4FB3-9930-76C8437FE509}.Debug|x86.ActiveCfg = Debug|x64
		{B71D3664-0D29-4FB3-9930-76C8437FE509}.Debug|x86.Build.0 = Debug|x64
		{B71D3664-0D29-4FB3-9930-76C8437FE509}.Release|Any CPU.ActiveCfg = Release|x64
		{B71D3664-0D29-4FB3-9930-76C8437FE509}.Release|Any CPU.Build.0 = Release|x64
		{B71D3664-0D29-4FB3-9930-76C8437FE509}.Release|x64.ActiveCfg = Release|x64
		{B71D3664-0D29-4FB3-9930-76C8437FE509}.Release|x64.Build.0 = Release|x64
		{B71D3664-0D29-4FB3-9930-76C8437FE509}.Release|x86.ActiveCfg = Release|x64
		{B71D3664-0D29-4FB3-9930-76C8437FE509}.Release|x86.Build.0 = Release|x64
		{29519611-6B6A-4889-B2D5-13B1EEF1190A}.Debug|Any CPU.ActiveCfg = Debug|x64
		{29519611-6B6A-4889-B2D5-13B1EEF1190A}.Debug|Any CPU.Build.0 = Debug|x64
		{29519611-6B6A-4889-B2D5-13B1EEF1190A}.Debug|x64.ActiveCfg = Debug|x64
		{29519611-6B6A-4889-B2D5-13B1EEF1190A}.Debug|x64.Build.0 = Debug|x64
		{29519611-6B6A-4889-B2D5-13B1EEF1190A}.Debug|x86.ActiveCfg = Debug|x64
		{29519611-6B6A-4889-B2D5-13B1EEF1190A}.Debug|x86.Build.0 = Debug|x64
		{29519611-6B6A-4889-B2D5-13B1EEF1190A}.Release|Any CPU.ActiveCfg = Release|x64
		{29519611-6B6A-4889-B2D5-13B1EEF1190A}.Release|Any CPU.Build.0 = Release|x64
		{29519611-6B6A-4889-B2D5-13B1EEF1190A}.Release|x64.ActiveCfg = Release|x64
		{29519611-6B6A-4889-B2D5-13B1EEF1190A}.Release|x64.Build.0 = Release|x64
		{29519611-6B6A-4889-B2D5-13B1EEF1190A}.Release|x86.ActiveCfg = Release|x64
		{29519611-6B6A-4889-B2D5-13B1EEF1190A}.Release|x86.Build.0 = Release|x64
		{40F7D63A-B87B-41B9-BA30-53BBCE1C5D98}.Debug|Any CPU.ActiveCfg = Debug|x64
		{40F7D63A-B87B-41B9-BA30-53BBCE1C5D98}.Debug|Any CPU.Build.0 = Debug|x64
		{40F7D63A-B87B-41B9-BA30-53BBCE1C5D98}.Debug|x64.ActiveCfg = Debug|x64
		{40F7D63A-B87B-41B9-BA30-53BBCE1C5D98}.Debug|x64.Build.0 = Debug|x64
		{40F7D63A-B87B-41B9-BA30-53BBCE1C5D98}.Debug|x86.ActiveCfg = Debug|x64
		{40F7D63A-B87B-41B9-BA30-53BBCE1C5D98}.Debug|x86.Build.0 = Debug|x64
		{40F7D63A-B87B-41B9-BA30-53BBCE1C5D98}.Release|Any CPU.ActiveCfg = Release|x64
		{40F7D63A-B87B-41B9-BA30-53BBCE1C5D98}.Release|Any CPU.Build.0 = Release|x64
		{40F7D63A-B87B-41B9-BA30-53BBCE1C5D98}.Release|x64.ActiveCfg = Release|x64
		{40F7D63A-B87B-41B9-BA30-53BBCE1C5D98}.Release|x64.Build.0 = Release|x64
		{40F7D63A-B87B-41B9-BA30-53BBCE1C5D98}.Release|x86.ActiveCfg = Release|x64
		{40F7D63A-B87B-41B9-BA30-53BBCE1C5D98}.Release|x86.Build.0 = Release|x64
		{BECB9D06-B327-44F8-AB7C-66735921B936}.Debug|Any CPU.ActiveCfg = Debug|x64
		{BECB9D06-B327-44F8-AB7C-66735921B936}.Debug|Any CPU.Build.0 = Debug|x64
		{BECB9D06-B327-44F8-AB7C-66735921B936}.Debug|x64.ActiveCfg = Debug|x64
		{BECB9D06-B327-44F8-AB7C-66735921B936}.Debug|x64.Build.0 = Debug|x64
		{BECB9D06-B327-44F8-AB7C-66735921B936}.Debug|x86.ActiveCfg = Debug|x64
		{BECB9D06-B327-44F8-AB7C-66735921B936}.Debug|x86.Build.0 = Debug|x64
		{BECB9D06-B327-44F8-AB7C-66735921B936}.Release|Any CPU.ActiveCfg = Release|x64
		{BECB9D06-B327-44F8-AB7C-66735921B936}.Release|Any CPU.Build.0 = Release|x64
		{BECB9D06-B327-44F8-AB7C-66735921B936}.Release|x64.ActiveCfg = Release|x64
		{BECB9D06-B327-44F8-AB7C-66735921B936}.Release|x64.Build.0 = Release|x64
		{BECB9D06-B327-44F8-AB7C-66735921B936}.Release|x86.ActiveCfg = Release|x64
		{BECB9D06-B327-44F8-AB7C-66735921B936}.Release|x86.Build.0 = Release|x64
		{56BA6CC2-02B6-4B4E-BE8D-12E47E8BCC48}.Debug|Any CPU.ActiveCfg = Debug|x64
		{56BA6CC2-02B6-4B4E-BE8D-12E47E8BCC48}.Debug|Any CPU.Build.0 = Debug|x64
		{56BA6CC2-02B6-4B4E-BE8D-12E47E8BCC48}.Debug|x64.ActiveCfg = Debug|x64
		{56BA6CC2-02B6-4B4E-BE8D-12E47E8BCC48}.Debug|x64.Build.0 = Debug|x64
		{56BA6CC2-02B6-4B4E-BE8D-12E47E8BCC48}.Debug|x86.ActiveCfg = Debug|x64
		{56BA6CC2-02B6-4B4E-BE8D-12E47E8BCC48}.Debug|x86.Build.0 = Debug|x64
		{56BA6CC2-02B6-4B4E-BE8D-12E47E8BCC48}.Release|Any CPU.ActiveCfg = Release|x64
		{56BA6CC2-02B6-4B4E-BE8D-12E47E8BCC48}.Release|Any CPU.Build.0 = Release|x64
		{56BA6CC2-02B6-4B4E-BE8D-12E47E8BCC48}.Release|x64.ActiveCfg = Release|x64
		{56BA6CC2-02B6-4B4E-BE8D-12E47E8BCC48}.Release|x64.Build.0 = Release|x64
		{56BA6CC2-02B6-4B4E-BE8D-12E47E8BCC48}.Release|x86.ActiveCfg = Release|x64
		{56BA6CC2-02B6-4B4E-BE8D-12E47E8BCC48}.Release|x86.Build.0 = Release|x64
		{00691588-4B0E-403C-89D0-0C169C05FBC4}.Debug|Any CPU.ActiveCfg = Debug|x64
		{00691588-4B0E-403C-89D0-0C169C05FBC4}.Debug|Any CPU.Build.0 = Debug|x64
		{00691588-4B0E-403C-89D0-0C169C05FBC4}.Debug|x64.ActiveCfg = Debug|x64
		{00691588-4B0E-403C-89D0-0C169C05FBC4}.Debug|x64.Build.0 = Debug|x64
		{00691588-4B0E-403C-89D0-0C169C05FBC4}.Debug|x86.ActiveCfg = Debug|x64
		{00691588-4B0E-403C-89D0-0C169C05FBC4}.Debug|x86.Build.0 = Debug|x64
		{00691588-4B0E-403C-89D0-0C169C05FBC4}.Release|Any CPU.ActiveCfg = Release|x64
		{00691588-4B0E-403C-89D0-0C169C05FBC4}.Release|Any CPU.Build.0 = Release|x64
		{00691588-4B0E-403C-89D0-0C169C05FBC4}.Release|x64.ActiveCfg = Release|x64
		{00691588-4B0E-403C-89D0-0C169C05FBC4}.Release|x64.Build.0 = Release|x64
		{00691588-4B0E-403C-89D0-0C169C05FBC4}.Release|x86.ActiveCfg = Release|x64
		{00691588-4B0E-403C-89D0-0C169C05FBC4}.Release|x86.Build.0 = Release|x64
		{2FF6505A-D0A0-4A44-9307-325EA3BD4CC0}.Debug|Any CPU.ActiveCfg = Debug|x64
		{2FF6505A-D0A0-4A44-9307-325EA3BD4CC0}.Debug|Any CPU.Build.0 = Debug|x64
		{2FF6505A-D0A0-4A44-9307-325EA3BD4CC0}.Debug|x64.ActiveCfg = Debug|x64
		{2FF6505A-D0A0-4A44-9307-325EA3BD4CC0}.Debug|x64.Build.0 = Debug|x64
		{2FF6505A-D0A0-4A44-9307-325EA3BD4CC0}.Debug|x86.ActiveCfg = Debug|x64
		{2FF6505A-D0A0-4A44-9307-325EA3BD4CC0}.Debug|x86.Build.0 = Debug|x64
		{2FF6505A-D0A0-4A44-9307-325EA3BD4CC0}.Release|Any CPU.ActiveCfg = Release|x64
		{2FF6505A-D0A0-4A44-9307-325EA3BD4CC0}.Release|Any CPU.Build.0 = Release|x64
		{2FF6505A-D0A0-4A44-9307-325EA3BD4CC0}.Release|x64.ActiveCfg = Release|x64
		{2FF6505A-D0A0-4A44-9307-325EA3BD4CC0}.Release|x64.Build.0 = Release|x64
		{2FF6505A-D0A0-4A44-9307-325EA3BD4CC0}.Release|x86.ActiveCfg = Release|x64
		{2FF6505A-D0A0-4A44-9307-325EA3BD4CC0}.Release|x86.Build.0 = Release|x64
		{B574B059-D733-4FF5-AEA2-A84F4FC043E9}.Debug|Any CPU.ActiveCfg = Debug|x64
		{B574B059-D733-4FF5-AEA2-A84F4FC043E9}.Debug|Any CPU.Build.0 = Debug|x64
		{B574B059-D733-4FF5-AEA2-A84F4FC043E9}.Debug|x64.ActiveCfg = Debug|x64
		{B574B059-D733-4FF5-AEA2-A84F4FC043E9}.Debug|x64.Build.0 = Debug|x64
		{B574B059-D733-4FF5-AEA2-A84F4FC043E9}.Debug|x86.ActiveCfg = Debug|x64
		{B574B059-D733-4FF5-AEA2-A84F4FC043E9}.Debug|x86.Build.0 = Debug|x64
		{B574B059-D733-4FF5-AEA2-A84F4FC043E9}.Release|Any CPU.ActiveCfg = Release|x64
		{B574B059-D733-4FF5-AEA2-A84F4FC043E9}.Release|Any CPU.Build.0 = Release|x64
		{B574B059-D733-4FF5-AEA2-A84F4FC043E9}.Release|x64.ActiveCfg = Release|x64
		{B574B059-D733-4FF5-AEA2-A84F4FC043E9}.Release|x64.Build.0 = Release|x64
		{B574B059-D733-4FF5-AEA2-A84F4FC043E9}.Release|x86.ActiveCfg = Release|x64
		{B574B059-D733-4FF5-AEA2-A84F4FC043E9}.Release|x86.Build.0 = Release|x64
		{A88BC74D-DD0E-41E6-9E38-553784F4CD45}.Debug|Any CPU.ActiveCfg = Debug|x64
		{A88BC74D-DD0E-41E6-9E38-553784F4CD45}.Debug|Any CPU.Build.0 = Debug|x64
		{A88BC74D-DD0E-41E6-9E38-553784F4CD45}.Debug|x64.ActiveCfg = Debug|x64
		{A88BC74D-DD0E-41E6-9E38-553784F4CD45}.Debug|x64.Build.0 = Debug|x64
		{A88BC74D-DD0E-41E6-9E38-553784F4CD45}.Debug|x86.ActiveCfg = Debug|x64
		{A88BC74D-DD0E-41E6-9E38-553784F4CD45}.Debug|x86.Build.0 = Debug|x64
		{A88BC74D-DD0E-41E6-9E38-553784F4CD45}.Release|Any CPU.ActiveCfg = Release|x64
		{A88BC74D-DD0E-41E6-9E38-553784F4CD45}.Release|Any CPU.Build.0 = Release|x64
		{A88BC74D-DD0E-41E6-9E38-553784F4CD45}.Release|x64.ActiveCfg = Release|x64
		{A88BC74D-DD0E-41E6-9E38-553784F4CD45}.Release|x64.Build.0 = Release|x64
		{A88BC74D-DD0E-41E6-9E38-553784F4CD45}.Release|x86.ActiveCfg = Release|x64
		{A88BC74D-DD0E-41E6-9E38-553784F4CD45}.Release|x86.Build.0 = Release|x64
		{A90C5474-9D47-4776-85FC-98AF59A5E5C0}.Debug|Any CPU.ActiveCfg = Debug|x64
		{A90C5474-9D47-4776-85FC-98AF59A5E5C0}.Debug|Any CPU.Build.0 = Debug|x64
		{A90C5474-9D47-4776-85FC-98AF59A5E5C0}.Debug|x64.ActiveCfg = Debug|x64
		{A90C5474-9D47-4776-85FC-98AF59A5E5C0}.Debug|x64.Build.0 = Debug|x64
		{A90C5474-9D47-4776-85FC-98AF59A5E5C0}.Debug|x86.ActiveCfg = Debug|x64
		{A90C5474-9D47-4776-85FC-98AF59A5E5C0}.Debug|x86.Build.0 = Debug|x64
		{A90C5474-9D47-4776-85FC-98AF59A5E5C0}.Release|Any CPU.ActiveCfg = Release|x64
		{A90C5474-9D47-4776-85FC-98AF59A5E5C0}.Release|Any CPU.Build.0 = Release|x64
		{A90C5474-9D47-4776-85FC-98AF59A5E5C0}.Release|x64.ActiveCfg = Release|x64
		{A90C5474-9D47-4776-85FC-98AF59A5E5C0}.Release|x64.Build.0 = Release|x64
		{A90C5474-9D47-4776-85FC-98AF59A5E5C0}.Release|x86.ActiveCfg = Release|x64
		{A90C5474-9D47-4776-85FC-98AF59A5E5C0}.Release|x86.Build.0 = Release|x64
		{6B7DED50-9BDF-4EA3-A422-7D00C6792828}.Debug|Any CPU.ActiveCfg = Debug|x64
		{6B7DED50-9BDF-4EA3-A422-7D00C6792828}.Debug|Any CPU.Build.0 = Debug|x64
		{6B7DED50-9BDF-4EA3-A422-7D00C6792828}.Debug|x64.ActiveCfg = Debug|x64
		{6B7DED50-9BDF-4EA3-A422-7D00C6792828}.Debug|x64.Build.0 = Debug|x64
		{6B7DED50-9BDF-4EA3-A422-7D00C6792828}.Debug|x86.ActiveCfg = Debug|x64
		{6B7DED50-9BDF-4EA3-A422-7D00C6792828}.Debug|x86.Build.0 = Debug|x64
		{6B7DED50-9BDF-4EA3-A422-7D00C6792828}.Release|Any CPU.ActiveCfg = Release|x64
		{6B7DED50-9BDF-4EA3-A422-7D00C6792828}.Release|Any CPU.Build.0 = Release|x64
		{6B7DED50-9BDF-4EA3-A422-7D00C6792828}.Release|x64.ActiveCfg = Release|x64
		{6B7DED50-9BDF-4EA3-A422-7D00C6792828}.Release|x64.Build.0 = Release|x64
		{6B7DED50-9BDF-4EA3-A422-7D00C6792828}.Release|x86.ActiveCfg = Release|x64
		{6B7DED50-9BDF-4EA3-A422-7D00C6792828}.Release|x86.Build.0 = Release|x64
		{1F1E190C-9D5D-4C82-AB67-8EF399E6B64B}.Debug|Any CPU.ActiveCfg = Debug|x64
		{1F1E190C-9D5D-4C82-AB67-8EF399E6B64B}.Debug|Any CPU.Build.0 = Debug|x64
		{1F1E190C-9D5D-4C82-AB67-8EF399E6B64B}.Debug|x64.ActiveCfg = Debug|x64
		{1F1E190C-9D5D-4C82-AB67-8EF399E6B64B}.Debug|x64.Build.0 = Debug|x64
		{1F1E190C-9D5D-4C82-AB67-8EF399E6B64B}.Debug|x86.ActiveCfg = Debug|x64
		{1F1E190C-9D5D-4C82-AB67-8EF399E6B64B}.Debug|x86.Build.0 = Debug|x64
		{1F1E190C-9D5D-4C82-AB67-8EF399E6B64B}.Release|Any CPU.ActiveCfg = Release|x64
		{1F1E190C-9D5D-4C82-AB67-8EF399E6B64B}.Release|Any CPU.Build.0 = Release|x64
		{1F1E190C-9D5D-4C82-AB67-8EF399E6B64B}.Release|x64.ActiveCfg = Release|x64
		{1F1E190C-9D5D-4C82-AB67-8EF399E6B64B}.Release|x64.Build.0 = Release|x64
		{1F1E190C-9D5D-4C82-AB67-8EF399E6B64B}.Release|x86.ActiveCfg = Release|x64
		{1F1E190C-9D5D-4C82-AB67-8EF399E6B64B}.Release|x86.Build.0 = Release|x64
		{D6299AE2-D295-491B-966C-3FC6CA542BC9}.Debug|Any CPU.ActiveCfg = Debug|x64
		{D6299AE2-D295-491B-966C-3FC6CA542BC9}.Debug|Any CPU.Build.0 = Debug|x64
		{D6299AE2-D295-491B-966C-3FC6CA542BC9}.Debug|x64.ActiveCfg = Debug|x64
		{D6299AE2-D295-491B-966C-3FC6CA542BC9}.Debug|x64.Build.0 = Debug|x64
		{D6299AE2-D295-491B-966C-3FC6CA542BC9}.Debug|x86.ActiveCfg = Debug|x64
		{D6299AE2-D295-491B-966C-3FC6CA542BC9}.Debug|x86.Build.0 = Debug|x64
		{D6299AE2-D295-491B-966C-3FC6CA542BC9}.Release|Any CPU.ActiveCfg = Release|x64
		{D6299AE2-D295-491B-966C-3FC6CA542BC9}.Release|Any CPU.Build.0 = Release|x64
		{D6299AE2-D295-491B-966C-3FC6CA542BC9}.Release|x64.ActiveCfg = Release|x64
		{D6299AE2-D295-491B-966C-3FC6CA542BC9}.Release|x64.Build.0 = Release|x64
		{D6299AE2-D295-491B-966C-3FC6CA542BC9}.Release|x86.ActiveCfg = Release|x64
		{D6299AE2-D295-491B-966C-3FC6CA542BC9}.Release|x86.Build.0 = Release|x64
		{C051869B-2186-4257-9227-DE322BED3D38}.Debug|Any CPU.ActiveCfg = Debug|x64
		{C051869B-2186-4257-9227-DE322BED3D38}.Debug|Any CPU.Build.0 = Debug|x64
		{C051869B-2186-4257-9227-DE322BED3D38}.Debug|x64.ActiveCfg = Debug|x64
		{C051869B-2186-4257-9227-DE322BED3D38}.Debug|x64.Build.0 = Debug|x64
		{C051869B-2186-4257-9227-DE322BED3D38}.Debug|x86.ActiveCfg = Debug|x64
		{C051869B-2186-4257-9227-DE322BED3D38}.Debug|x86.Build.0 = Debug|x64
		{C051869B-2186-4257-9227-DE322BED3D38}.Release|Any CPU.ActiveCfg = Release|x64
		{C051869B-2186-4257-9227-DE322BED3D38}.Release|Any CPU.Build.0 = Release|x64
		{C051869B-2186-4257-9227-DE322BED3D38}.Release|x64.ActiveCfg = Release|x64
		{C051869B-2186-4257-9227-DE322BED3D38}.Release|x64.Build.0 = Release|x64
		{C051869B-2186-4257-9227-DE322BED3D38}.Release|x86.ActiveCfg = Release|x64
		{C051869B-2186-4257-9227-DE322BED3D38}.Release|x86.Build.0 = Release|x64
		{763EEFEE-2A76-412A-BDD0-5AA0887AC73D}.Debug|Any CPU.ActiveCfg = Debug|x64
		{763EEFEE-2A76-412A-BDD0-5AA0887AC73D}.Debug|Any CPU.Build.0 = Debug|x64
		{763EEFEE-2A76-412A-BDD0-5AA0887AC73D}.Debug|x64.ActiveCfg = Debug|x64
		{763EEFEE-2A76-412A-BDD0-5AA0887AC73D}.Debug|x64.Build.0 = Debug|x64
		{763EEFEE-2A76-412A-BDD0-5AA0887AC73D}.Debug|x86.ActiveCfg = Debug|x64
		{763EEFEE-2A76-412A-BDD0-5AA0887AC73D}.Debug|x86.Build.0 = Debug|x64
		{763EEFEE-2A76-412A-BDD0-5AA0887AC73D}.Release|Any CPU.ActiveCfg = Release|x64
		{763EEFEE-2A76-412A-BDD0-5AA0887AC73D}.Release|Any CPU.Build.0 = Release|x64
		{763EEFEE-2A76-412A-BDD0-5AA0887AC73D}.Release|x64.ActiveCfg = Release|x64
		{763EEFEE-2A76-412A-BDD0-5AA0887AC73D}.Release|x64.Build.0 = Release|x64
		{763EEFEE-2A76-412A-BDD0-5AA0887AC73D}.Release|x86.ActiveCfg = Release|x64
		{763EEFEE-2A76-412A-BDD0-5AA0887AC73D}.Release|x86.Build.0 = Release|x64
		{0053E896-2B18-4C0D-8559-13E00AF1D550}.Debug|Any CPU.ActiveCfg = Debug|x64
		{0053E896-2B18-4C0D-8559-13E00AF1D550}.Debug|Any CPU.Build.0 = Debug|x64
		{0053E896-2B18-4C0D-8559-13E00AF1D550}.Debug|x64.ActiveCfg = Debug|x64
		{0053E896-2B18-4C0D-8559-13E00AF1D550}.Debug|x64.Build.0 = Debug|x64
		{0053E896-2B18-4C0D-8559-13E00AF1D550}.Debug|x86.ActiveCfg = Debug|x64
		{0053E896-2B18-4C0D-8559-13E00AF1D550}.Debug|x86.Build.0 = Debug|x64
		{0053E896-2B18-4C0D-8559-13E00AF1D550}.Release|Any CPU.ActiveCfg = Release|x64
		{0053E896-2B18-4C0D-8559-13E00AF1D550}.Release|Any CPU.Build.0 = Release|x64
		{0053E896-2B18-4C0D-8559-13E00AF1D550}.Release|x64.ActiveCfg = Release|x64
		{0053E896-2B18-4C0D-8559-13E00AF1D550}.Release|x64.Build.0 = Release|x64
		{0053E896-2B18-4C0D-8559-13E00AF1D550}.Release|x86.ActiveCfg = Release|x64
		{0053E896-2B18-4C0D-8559-13E00AF1D550}.Release|x86.Build.0 = Release|x64
		{99DED5E1-30CB-47A6-A3E3-F525F9F57B97}.Debug|Any CPU.ActiveCfg = Debug|x64
		{99DED5E1-30CB-47A6-A3E3-F525F9F57B97}.Debug|Any CPU.Build.0 = Debug|x64
		{99DED5E1-30CB-47A6-A3E3-F525F9F57B97}.Debug|x64.ActiveCfg = Debug|x64
		{99DED5E1-30CB-47A6-A3E3-F525F9F57B97}.Debug|x64.Build.0 = Debug|x64
		{99DED5E1-30CB-47A6-A3E3-F525F9F57B97}.Debug|x86.ActiveCfg = Debug|x64
		{99DED5E1-30CB-47A6-A3E3-F525F9F57B97}.Debug|x86.Build.0 = Debug|x64
		{99DED5E1-30CB-47A6-A3E3-F525F9F57B97}.Release|Any CPU.ActiveCfg = Release|x64
		{99DED5E1-30CB-47A6-A3E3-F525F9F57B97}.Release|Any CPU.Build.0 = Release|x64
		{99DED5E1-30CB-47A6-A3E3-F525F9F57B97}.Release|x64.ActiveCfg = Release|x64
		{99DED5E1-30CB-47A6-A3E3-F525F9F57B97}.Release|x64.Build.0 = Release|x64
		{99DED5E1-30CB-47A6-A3E3-F525F9F57B97}.Release|x86.ActiveCfg = Release|x64
		{99DED5E1-30CB-47A6-A3E3-F525F9F57B97}.Release|x86.Build.0 = Release|x64
		{EE194B86-8A24-4EDD-9C09-B89978056519}.Debug|Any CPU.ActiveCfg = Debug|x64
		{EE194B86-8A24-4EDD-9C09-B89978056519}.Debug|Any CPU.Build.0 = Debug|x64
		{EE194B86-8A24-4EDD-9C09-B89978056519}.Debug|x64.ActiveCfg = Debug|x64
		{EE194B86-8A24-4EDD-9C09-B89978056519}.Debug|x64.Build.0 = Debug|x64
		{EE194B86-8A24-4EDD-9C09-B89978056519}.Debug|x86.ActiveCfg = Debug|x64
		{EE194B86-8A24-4EDD-9C09-B89978056519}.Debug|x86.Build.0 = Debug|x64
		{EE194B86-8A24-4EDD-9C09-B89978056519}.Release|Any CPU.ActiveCfg = Release|x64
		{EE194B86-8A24-4EDD-9C09-B89978056519}.Release|Any CPU.Build.0 = Release|x64
		{EE194B86-8A24-4EDD-9C09-B89978056519}.Release|x64.ActiveCfg = Release|x64
		{EE194B86-8A24-4EDD-9C09-B89978056519}.Release|x64.Build.0 = Release|x64
		{EE194B86-8A24-4EDD-9C09-B89978056519}.Release|x86.ActiveCfg = Release|x64
		{EE194B86-8A24-4EDD-9C09-B89978056519}.Release|x86.Build.0 = Release|x64
		{A40DEE58-B18C-426A-9224-FBF5E27A487C}.Debug|Any CPU.ActiveCfg = Debug|x64
		{A40DEE58-B18C-426A-9224-FBF5E27A487C}.Debug|Any CPU.Build.0 = Debug|x64
		{A40DEE58-B18C-426A-9224-FBF5E27A487C}.Debug|x64.ActiveCfg = Debug|x64
		{A40DEE58-B18C-426A-9224-FBF5E27A487C}.Debug|x64.Build.0 = Debug|x64
		{A40DEE58-B18C-426A-9224-FBF5E27A487C}.Debug|x86.ActiveCfg = Debug|x64
		{A40DEE58-B18C-426A-9224-FBF5E27A487C}.Debug|x86.Build.0 = Debug|x64
		{A40DEE58-B18C-426A-9224-FBF5E27A487C}.Release|Any CPU.ActiveCfg = Release|x64
		{A40DEE58-B18C-426A-9224-FBF5E27A487C}.Release|Any CPU.Build.0 = Release|x64
		{A40DEE58-B18C-426A-9224-FBF5E27A487C}.Release|x64.ActiveCfg = Release|x64
		{A40DEE58-B18C-426A-9224-FBF5E27A487C}.Release|x64.Build.0 = Release|x64
		{A40DEE58-B18C-426A-9224-FBF5E27A487C}.Release|x86.ActiveCfg = Release|x64
		{A40DEE58-B18C-426A-9224-FBF5E27A487C}.Release|x86.Build.0 = Release|x64
		{C548860E-4056-4AFF-BCF3-10F62A5A160B}.Debug|Any CPU.ActiveCfg = Debug|x64
		{C548860E-4056-4AFF-BCF3-10F62A5A160B}.Debug|Any CPU.Build.0 = Debug|x64
		{C548860E-4056-4AFF-BCF3-10F62A5A160B}.Debug|x64.ActiveCfg = Debug|x64
		{C548860E-4056-4AFF-BCF3-10F62A5A160B}.Debug|x64.Build.0 = Debug|x64
		{C548860E-4056-4AFF-BCF3-10F62A5A160B}.Debug|x86.ActiveCfg = Debug|x64
		{C548860E-4056-4AFF-BCF3-10F62A5A160B}.Debug|x86.Build.0 = Debug|x64
		{C548860E-4056-4AFF-BCF3-10F62A5A160B}.Release|Any CPU.ActiveCfg = Release|x64
		{C548860E-4056-4AFF-BCF3-10F62A5A160B}.Release|Any CPU.Build.0 = Release|x64
		{C548860E-4056-4AFF-BCF3-10F62A5A160B}.Release|x64.ActiveCfg = Release|x64
		{C548860E-4056-4AFF-BCF3-10F62A5A160B}.Release|x64.Build.0 = Release|x64
		{C548860E-4056-4AFF-BCF3-10F62A5A160B}.Release|x86.ActiveCfg = Release|x64
		{C548860E-4056-4AFF-BCF3-10F62A5A160B}.Release|x86.Build.0 = Release|x64
		{D7B054CF-50BC-4B5E-9C6A-46872D37EFB0}.Debug|Any CPU.ActiveCfg = Debug|x64
		{D7B054CF-50BC-4B5E-9C6A-46872D37EFB0}.Debug|Any CPU.Build.0 = Debug|x64
		{D7B054CF-50BC-4B5E-9C6A-46872D37EFB0}.Debug|x64.ActiveCfg = Debug|x64
		{D7B054CF-50BC-4B5E-9C6A-46872D37EFB0}.Debug|x64.Build.0 = Debug|x64
		{D7B054CF-50BC-4B5E-9C6A-46872D37EFB0}.Debug|x86.ActiveCfg = Debug|x64
		{D7B054CF-50BC-4B5E-9C6A-46872D37EFB0}.Debug|x86.Build.0 = Debug|x64
		{D7B054CF-50BC-4B5E-9C6A-46872D37EFB0}.Release|Any CPU.ActiveCfg = Release|x64
		{D7B054CF-50BC-4B5E-9C6A-46872D37EFB0}.Release|Any CPU.Build.0 = Release|x64
		{D7B054CF-50BC-4B5E-9C6A-46872D37EFB0}.Release|x64.ActiveCfg = Release|x64
		{D7B054CF-50BC-4B5E-9C6A-46872D37EFB0}.Release|x64.Build.0 = Release|x64
		{D7B054CF-50BC-4B5E-9C6A-46872D37EFB0}.Release|x86.ActiveCfg = Release|x64
		{D7B054CF-50BC-4B5E-9C6A-46872D37EFB0}.Release|x86.Build.0 = Release|x64
		{F90FF68F-9C08-4734-B029-CEB8112561A9}.Debug|Any CPU.ActiveCfg = Debug|x64
		{F90FF68F-9C08-4734-B029-CEB8112561A9}.Debug|Any CPU.Build.0 = Debug|x64
		{F90FF68F-9C08-4734-B029-CEB8112561A9}.Debug|x64.ActiveCfg = Debug|x64
		{F90FF68F-9C08-4734-B029-CEB8112561A9}.Debug|x64.Build.0 = Debug|x64
		{F90FF68F-9C08-4734-B029-CEB8112561A9}.Debug|x86.ActiveCfg = Debug|x64
		{F90FF68F-9C08-4734-B029-CEB8112561A9}.Debug|x86.Build.0 = Debug|x64
		{F90FF68F-9C08-4734-B029-CEB8112561A9}.Release|Any CPU.ActiveCfg = Release|x64
		{F90FF68F-9C08-4734-B029-CEB8112561A9}.Release|Any CPU.Build.0 = Release|x64
		{F90FF68F-9C08-4734-B029-CEB8112561A9}.Release|x64.ActiveCfg = Release|x64
		{F90FF68F-9C08-4734-B029-CEB8112561A9}.Release|x64.Build.0 = Release|x64
		{F90FF68F-9C08-4734-B029-CEB8112561A9}.Release|x86.ActiveCfg = Release|x64
		{F90FF68F-9C08-4734-B029-CEB8112561A9}.Release|x86.Build.0 = Release|x64
		{F2200147-0597-4A6D-B988-19AB8759008F}.Debug|Any CPU.ActiveCfg = Debug|x64
		{F2200147-0597-4A6D-B988-19AB8759008F}.Debug|Any CPU.Build.0 = Debug|x64
		{F2200147-0597-4A6D-B988-19AB8759008F}.Debug|x64.ActiveCfg = Debug|x64
		{F2200147-0597-4A6D-B988-19AB8759008F}.Debug|x64.Build.0 = Debug|x64
		{F2200147-0597-4A6D-B988-19AB8759008F}.Debug|x86.ActiveCfg = Debug|x64
		{F2200147-0597-4A6D-B988-19AB8759008F}.Debug|x86.Build.0 = Debug|x64
		{F2200147-0597-4A6D-B988-19AB8759008F}.Release|Any CPU.ActiveCfg = Release|x64
		{F2200147-0597-4A6D-B988-19AB8759008F}.Release|Any CPU.Build.0 = Release|x64
		{F2200147-0597-4A6D-B988-19AB8759008F}.Release|x64.ActiveCfg = Release|x64
		{F2200147-0597-4A6D-B988-19AB8759008F}.Release|x64.Build.0 = Release|x64
		{F2200147-0597-4A6D-B988-19AB8759008F}.Release|x86.ActiveCfg = Release|x64
		{F2200147-0597-4A6D-B988-19AB8759008F}.Release|x86.Build.0 = Release|x64
		{24685743-7D53-4D70-98CC-64F52E3A242B}.Debug|Any CPU.ActiveCfg = Debug|Any CPU
		{24685743-7D53-4D70-98CC-64F52E3A242B}.Debug|Any CPU.Build.0 = Debug|Any CPU
		{24685743-7D53-4D70-98CC-64F52E3A242B}.Debug|x64.ActiveCfg = Debug|Any CPU
		{24685743-7D53-4D70-98CC-64F52E3A242B}.Debug|x64.Build.0 = Debug|Any CPU
		{24685743-7D53-4D70-98CC-64F52E3A242B}.Debug|x86.ActiveCfg = Debug|Any CPU
		{24685743-7D53-4D70-98CC-64F52E3A242B}.Debug|x86.Build.0 = Debug|Any CPU
		{24685743-7D53-4D70-98CC-64F52E3A242B}.Release|Any CPU.ActiveCfg = Release|Any CPU
		{24685743-7D53-4D70-98CC-64F52E3A242B}.Release|Any CPU.Build.0 = Release|Any CPU
		{24685743-7D53-4D70-98CC-64F52E3A242B}.Release|x64.ActiveCfg = Release|Any CPU
		{24685743-7D53-4D70-98CC-64F52E3A242B}.Release|x64.Build.0 = Release|Any CPU
		{24685743-7D53-4D70-98CC-64F52E3A242B}.Release|x86.ActiveCfg = Release|Any CPU
		{24685743-7D53-4D70-98CC-64F52E3A242B}.Release|x86.Build.0 = Release|Any CPU
		{A784C4D6-16F0-42F1-A6EC-8C776D006743}.Debug|Any CPU.ActiveCfg = Debug|x64
		{A784C4D6-16F0-42F1-A6EC-8C776D006743}.Debug|Any CPU.Build.0 = Debug|x64
		{A784C4D6-16F0-42F1-A6EC-8C776D006743}.Debug|x64.ActiveCfg = Debug|x64
		{A784C4D6-16F0-42F1-A6EC-8C776D006743}.Debug|x64.Build.0 = Debug|x64
		{A784C4D6-16F0-42F1-A6EC-8C776D006743}.Debug|x86.ActiveCfg = Debug|x64
		{A784C4D6-16F0-42F1-A6EC-8C776D006743}.Debug|x86.Build.0 = Debug|x64
		{A784C4D6-16F0-42F1-A6EC-8C776D006743}.Release|Any CPU.ActiveCfg = Release|x64
		{A784C4D6-16F0-42F1-A6EC-8C776D006743}.Release|Any CPU.Build.0 = Release|x64
		{A784C4D6-16F0-42F1-A6EC-8C776D006743}.Release|x64.ActiveCfg = Release|x64
		{A784C4D6-16F0-42F1-A6EC-8C776D006743}.Release|x64.Build.0 = Release|x64
		{A784C4D6-16F0-42F1-A6EC-8C776D006743}.Release|x86.ActiveCfg = Release|x64
		{A784C4D6-16F0-42F1-A6EC-8C776D006743}.Release|x86.Build.0 = Release|x64
	EndGlobalSection
	GlobalSection(SolutionProperties) = preSolution
		HideSolutionNode = FALSE
	EndGlobalSection
	GlobalSection(NestedProjects) = preSolution
		{12530382-EE14-41A7-834A-BEFFED3439FB} = {827E0CD3-B72D-47B6-A68D-7590B98EB39B}
		{EABF583A-A604-4DA7-8A80-687AD9E48F05} = {827E0CD3-B72D-47B6-A68D-7590B98EB39B}
		{B886B317-A924-41DF-8073-29DD5C9BFB01} = {827E0CD3-B72D-47B6-A68D-7590B98EB39B}
		{67604645-64B7-460C-8E51-C552F30D3873} = {827E0CD3-B72D-47B6-A68D-7590B98EB39B}
		{236E2217-9966-488C-80E5-33D33D2FFD32} = {827E0CD3-B72D-47B6-A68D-7590B98EB39B}
		{283F570E-C138-4632-A701-F19575562241} = {827E0CD3-B72D-47B6-A68D-7590B98EB39B}
		{3C1092AC-BB4E-41EA-81D7-A42A4BB83F49} = {07D57EEB-2F50-60C4-C011-FE4FA775C9A8}
		{4EF2E758-D26E-408A-B91A-BBC3024028B1} = {07D57EEB-2F50-60C4-C011-FE4FA775C9A8}
		{2D606F34-2208-41CE-9E04-1FA7381672F2} = {07D57EEB-2F50-60C4-C011-FE4FA775C9A8}
		{2C5B11C8-620F-4E92-AFB3-919ABF5C0A1B} = {07D57EEB-2F50-60C4-C011-FE4FA775C9A8}
		{2ADD7A3D-88A8-44D5-87F8-F5C2F70DBF95} = {07D57EEB-2F50-60C4-C011-FE4FA775C9A8}
		{3ECCE9F3-DD29-44E5-A70F-0AF9918AE294} = {07D57EEB-2F50-60C4-C011-FE4FA775C9A8}
		{44C06F51-8991-4431-8E8D-19D6CAA291B9} = {07D57EEB-2F50-60C4-C011-FE4FA775C9A8}
		{8A34BF56-3B14-41E9-BE11-28AE6D8C18E8} = {07D57EEB-2F50-60C4-C011-FE4FA775C9A8}
		{2855E2AB-FDA0-4A0C-826D-EAD37AFC15AD} = {07D57EEB-2F50-60C4-C011-FE4FA775C9A8}
		{880CF8B1-2E3B-4EE7-AF7D-0D3F18B725B7} = {07D57EEB-2F50-60C4-C011-FE4FA775C9A8}
		{CD9849B5-B919-43CE-9FA7-923481ED9778} = {07D57EEB-2F50-60C4-C011-FE4FA775C9A8}
		{7AF5946F-49FA-4C91-BC2E-D7A6C6551CF1} = {07D57EEB-2F50-60C4-C011-FE4FA775C9A8}
		{270906C7-1602-486A-BFCB-1F11BE30F8D4} = {07D57EEB-2F50-60C4-C011-FE4FA775C9A8}
		{38F8130E-9920-4010-B7D6-52FE6637E477} = {07D57EEB-2F50-60C4-C011-FE4FA775C9A8}
		{B35D9E51-3519-4F76-82D4-000D76682F0B} = {07D57EEB-2F50-60C4-C011-FE4FA775C9A8}
		{BE1D6E77-778D-4426-AA55-F2958351078E} = {07D57EEB-2F50-60C4-C011-FE4FA775C9A8}
		{4AB588C8-2FCC-497E-9C93-389C7E58B294} = {07D57EEB-2F50-60C4-C011-FE4FA775C9A8}
		{B1B000A9-B8F0-4058-8EE3-E6A259ABE8CD} = {07D57EEB-2F50-60C4-C011-FE4FA775C9A8}
		{F2AB3170-B83C-4F66-BF58-93F8FADEB291} = {07D57EEB-2F50-60C4-C011-FE4FA775C9A8}
		{ED1579DB-B09F-4E92-9CEB-67ABA5FBB68C} = {07D57EEB-2F50-60C4-C011-FE4FA775C9A8}
		{B71D3664-0D29-4FB3-9930-76C8437FE509} = {07D57EEB-2F50-60C4-C011-FE4FA775C9A8}
		{29519611-6B6A-4889-B2D5-13B1EEF1190A} = {07D57EEB-2F50-60C4-C011-FE4FA775C9A8}
		{40F7D63A-B87B-41B9-BA30-53BBCE1C5D98} = {07D57EEB-2F50-60C4-C011-FE4FA775C9A8}
		{BECB9D06-B327-44F8-AB7C-66735921B936} = {07D57EEB-2F50-60C4-C011-FE4FA775C9A8}
		{56BA6CC2-02B6-4B4E-BE8D-12E47E8BCC48} = {07D57EEB-2F50-60C4-C011-FE4FA775C9A8}
		{00691588-4B0E-403C-89D0-0C169C05FBC4} = {07D57EEB-2F50-60C4-C011-FE4FA775C9A8}
		{2FF6505A-D0A0-4A44-9307-325EA3BD4CC0} = {07D57EEB-2F50-60C4-C011-FE4FA775C9A8}
		{B574B059-D733-4FF5-AEA2-A84F4FC043E9} = {07D57EEB-2F50-60C4-C011-FE4FA775C9A8}
		{A88BC74D-DD0E-41E6-9E38-553784F4CD45} = {07D57EEB-2F50-60C4-C011-FE4FA775C9A8}
		{A90C5474-9D47-4776-85FC-98AF59A5E5C0} = {07D57EEB-2F50-60C4-C011-FE4FA775C9A8}
		{6B7DED50-9BDF-4EA3-A422-7D00C6792828} = {07D57EEB-2F50-60C4-C011-FE4FA775C9A8}
		{1F1E190C-9D5D-4C82-AB67-8EF399E6B64B} = {07D57EEB-2F50-60C4-C011-FE4FA775C9A8}
		{D6299AE2-D295-491B-966C-3FC6CA542BC9} = {07D57EEB-2F50-60C4-C011-FE4FA775C9A8}
		{C051869B-2186-4257-9227-DE322BED3D38} = {07D57EEB-2F50-60C4-C011-FE4FA775C9A8}
		{763EEFEE-2A76-412A-BDD0-5AA0887AC73D} = {07D57EEB-2F50-60C4-C011-FE4FA775C9A8}
		{0053E896-2B18-4C0D-8559-13E00AF1D550} = {07D57EEB-2F50-60C4-C011-FE4FA775C9A8}
		{99DED5E1-30CB-47A6-A3E3-F525F9F57B97} = {07D57EEB-2F50-60C4-C011-FE4FA775C9A8}
		{EE194B86-8A24-4EDD-9C09-B89978056519} = {07D57EEB-2F50-60C4-C011-FE4FA775C9A8}
		{A40DEE58-B18C-426A-9224-FBF5E27A487C} = {07D57EEB-2F50-60C4-C011-FE4FA775C9A8}
		{C548860E-4056-4AFF-BCF3-10F62A5A160B} = {07D57EEB-2F50-60C4-C011-FE4FA775C9A8}
		{D7B054CF-50BC-4B5E-9C6A-46872D37EFB0} = {07D57EEB-2F50-60C4-C011-FE4FA775C9A8}
		{F90FF68F-9C08-4734-B029-CEB8112561A9} = {07D57EEB-2F50-60C4-C011-FE4FA775C9A8}
		{F2200147-0597-4A6D-B988-19AB8759008F} = {07D57EEB-2F50-60C4-C011-FE4FA775C9A8}
		{24685743-7D53-4D70-98CC-64F52E3A242B} = {827E0CD3-B72D-47B6-A68D-7590B98EB39B}
		{A784C4D6-16F0-42F1-A6EC-8C776D006743} = {07D57EEB-2F50-60C4-C011-FE4FA775C9A8}
	EndGlobalSection
	GlobalSection(ExtensibilityGlobals) = postSolution
		SolutionGuid = {18FCD67D-F721-4679-A84D-FCEEF635AF00}
	EndGlobalSection
EndGlobal
