
Microsoft Visual Studio Solution File, Format Version 12.00
# Visual Studio Version 18
VisualStudioVersion = 18.0.11222.15
MinimumVisualStudioVersion = 10.0.40219.1
Project("{2150E333-8FDC-42A3-9474-1A3956D46DE8}") = "src", "src", "{827E0CD3-B72D-47B6-A68D-7590B98EB39B}"
EndProject
Project("{FAE04EC0-301F-11D3-BF4B-00C04F79EFBC}") = "MouseEffects.Core", "src\MouseEffects.Core\MouseEffects.Core.csproj", "{12530382-EE14-41A7-834A-BEFFED3439FB}"
EndProject
Project("{FAE04EC0-301F-11D3-BF4B-00C04F79EFBC}") = "MouseEffects.DirectX", "src\MouseEffects.DirectX\MouseEffects.DirectX.csproj", "{EABF583A-A604-4DA7-8A80-687AD9E48F05}"
EndProject
Project("{FAE04EC0-301F-11D3-BF4B-00C04F79EFBC}") = "MouseEffects.Overlay", "src\MouseEffects.Overlay\MouseEffects.Overlay.csproj", "{B886B317-A924-41DF-8073-29DD5C9BFB01}"
EndProject
Project("{FAE04EC0-301F-11D3-BF4B-00C04F79EFBC}") = "MouseEffects.Input", "src\MouseEffects.Input\MouseEffects.Input.csproj", "{67604645-64B7-460C-8E51-C552F30D3873}"
EndProject
Project("{FAE04EC0-301F-11D3-BF4B-00C04F79EFBC}") = "MouseEffects.Plugins", "src\MouseEffects.Plugins\MouseEffects.Plugins.csproj", "{236E2217-9966-488C-80E5-33D33D2FFD32}"
EndProject
Project("{FAE04EC0-301F-11D3-BF4B-00C04F79EFBC}") = "MouseEffects.App", "src\MouseEffects.App\MouseEffects.App.csproj", "{283F570E-C138-4632-A701-F19575562241}"
EndProject
Project("{FAE04EC0-301F-11D3-BF4B-00C04F79EFBC}") = "MouseEffects.Effects.ParticleTrail", "plugins\MouseEffects.Effects.ParticleTrail\MouseEffects.Effects.ParticleTrail.csproj", "{3C1092AC-BB4E-41EA-81D7-A42A4BB83F49}"
EndProject
Project("{FAE04EC0-301F-11D3-BF4B-00C04F79EFBC}") = "MouseEffects.Effects.ScreenDistortion", "plugins\MouseEffects.Effects.ScreenDistortion\MouseEffects.Effects.ScreenDistortion.csproj", "{E5D72B3C-9F84-4A1E-B8C7-2D45E1F93A67}"
EndProject
Project("{2150E333-8FDC-42A3-9474-1A3956D46DE8}") = "plugins", "plugins", "{07D57EEB-2F50-60C4-C011-FE4FA775C9A8}"
EndProject
Project("{FAE04EC0-301F-11D3-BF4B-00C04F79EFBC}") = "MouseEffects.Effects.LaserWork", "plugins\MouseEffects.Effects.LaserWork\MouseEffects.Effects.LaserWork.csproj", "{4EF2E758-D26E-408A-B91A-BBC3024028B1}"
EndProject
Project("{FAE04EC0-301F-11D3-BF4B-00C04F79EFBC}") = "MouseEffects.Effects.RadialDithering", "plugins\MouseEffects.Effects.RadialDithering\MouseEffects.Effects.RadialDithering.csproj", "{2D606F34-2208-41CE-9E04-1FA7381672F2}"
EndProject
Project("{FAE04EC0-301F-11D3-BF4B-00C04F79EFBC}") = "MouseEffects.Effects.ColorBlindness", "plugins\MouseEffects.Effects.ColorBlindness\MouseEffects.Effects.ColorBlindness.csproj", "{0EA98B8F-DBA1-4A51-9AA4-FD1C437904D6}"
EndProject
Project("{FAE04EC0-301F-11D3-BF4B-00C04F79EFBC}") = "MouseEffects.Effects.TileVibration", "plugins\MouseEffects.Effects.TileVibration\MouseEffects.Effects.TileVibration.csproj", "{2C5B11C8-620F-4E92-AFB3-919ABF5C0A1B}"
EndProject
Project("{FAE04EC0-301F-11D3-BF4B-00C04F79EFBC}") = "MouseEffects.Effects.WaterRipple", "plugins\MouseEffects.Effects.WaterRipple\MouseEffects.Effects.WaterRipple.csproj", "{2ADD7A3D-88A8-44D5-87F8-F5C2F70DBF95}"
EndProject
Project("{FAE04EC0-301F-11D3-BF4B-00C04F79EFBC}") = "MouseEffects.Effects.Zoom", "plugins\MouseEffects.Effects.Zoom\MouseEffects.Effects.Zoom.csproj", "{3ECCE9F3-DD29-44E5-A70F-0AF9918AE294}"
EndProject
Global
	GlobalSection(SolutionConfigurationPlatforms) = preSolution
		Debug|Any CPU = Debug|Any CPU
		Debug|x64 = Debug|x64
		Debug|x86 = Debug|x86
		Release|Any CPU = Release|Any CPU
		Release|x64 = Release|x64
		Release|x86 = Release|x86
	EndGlobalSection
	GlobalSection(ProjectConfigurationPlatforms) = postSolution
		{12530382-EE14-41A7-834A-BEFFED3439FB}.Debug|Any CPU.ActiveCfg = Debug|Any CPU
		{12530382-EE14-41A7-834A-BEFFED3439FB}.Debug|Any CPU.Build.0 = Debug|Any CPU
		{12530382-EE14-41A7-834A-BEFFED3439FB}.Debug|x64.ActiveCfg = Debug|Any CPU
		{12530382-EE14-41A7-834A-BEFFED3439FB}.Debug|x64.Build.0 = Debug|Any CPU
		{12530382-EE14-41A7-834A-BEFFED3439FB}.Debug|x86.ActiveCfg = Debug|Any CPU
		{12530382-EE14-41A7-834A-BEFFED3439FB}.Debug|x86.Build.0 = Debug|Any CPU
		{12530382-EE14-41A7-834A-BEFFED3439FB}.Release|Any CPU.ActiveCfg = Release|Any CPU
		{12530382-EE14-41A7-834A-BEFFED3439FB}.Release|Any CPU.Build.0 = Release|Any CPU
		{12530382-EE14-41A7-834A-BEFFED3439FB}.Release|x64.ActiveCfg = Release|Any CPU
		{12530382-EE14-41A7-834A-BEFFED3439FB}.Release|x64.Build.0 = Release|Any CPU
		{12530382-EE14-41A7-834A-BEFFED3439FB}.Release|x86.ActiveCfg = Release|Any CPU
		{12530382-EE14-41A7-834A-BEFFED3439FB}.Release|x86.Build.0 = Release|Any CPU
		{EABF583A-A604-4DA7-8A80-687AD9E48F05}.Debug|Any CPU.ActiveCfg = Debug|Any CPU
		{EABF583A-A604-4DA7-8A80-687AD9E48F05}.Debug|Any CPU.Build.0 = Debug|Any CPU
		{EABF583A-A604-4DA7-8A80-687AD9E48F05}.Debug|x64.ActiveCfg = Debug|Any CPU
		{EABF583A-A604-4DA7-8A80-687AD9E48F05}.Debug|x64.Build.0 = Debug|Any CPU
		{EABF583A-A604-4DA7-8A80-687AD9E48F05}.Debug|x86.ActiveCfg = Debug|Any CPU
		{EABF583A-A604-4DA7-8A80-687AD9E48F05}.Debug|x86.Build.0 = Debug|Any CPU
		{EABF583A-A604-4DA7-8A80-687AD9E48F05}.Release|Any CPU.ActiveCfg = Release|Any CPU
		{EABF583A-A604-4DA7-8A80-687AD9E48F05}.Release|Any CPU.Build.0 = Release|Any CPU
		{EABF583A-A604-4DA7-8A80-687AD9E48F05}.Release|x64.ActiveCfg = Release|Any CPU
		{EABF583A-A604-4DA7-8A80-687AD9E48F05}.Release|x64.Build.0 = Release|Any CPU
		{EABF583A-A604-4DA7-8A80-687AD9E48F05}.Release|x86.ActiveCfg = Release|Any CPU
		{EABF583A-A604-4DA7-8A80-687AD9E48F05}.Release|x86.Build.0 = Release|Any CPU
		{B886B317-A924-41DF-8073-29DD5C9BFB01}.Debug|Any CPU.ActiveCfg = Debug|Any CPU
		{B886B317-A924-41DF-8073-29DD5C9BFB01}.Debug|Any CPU.Build.0 = Debug|Any CPU
		{B886B317-A924-41DF-8073-29DD5C9BFB01}.Debug|x64.ActiveCfg = Debug|Any CPU
		{B886B317-A924-41DF-8073-29DD5C9BFB01}.Debug|x64.Build.0 = Debug|Any CPU
		{B886B317-A924-41DF-8073-29DD5C9BFB01}.Debug|x86.ActiveCfg = Debug|Any CPU
		{B886B317-A924-41DF-8073-29DD5C9BFB01}.Debug|x86.Build.0 = Debug|Any CPU
		{B886B317-A924-41DF-8073-29DD5C9BFB01}.Release|Any CPU.ActiveCfg = Release|Any CPU
		{B886B317-A924-41DF-8073-29DD5C9BFB01}.Release|Any CPU.Build.0 = Release|Any CPU
		{B886B317-A924-41DF-8073-29DD5C9BFB01}.Release|x64.ActiveCfg = Release|Any CPU
		{B886B317-A924-41DF-8073-29DD5C9BFB01}.Release|x64.Build.0 = Release|Any CPU
		{B886B317-A924-41DF-8073-29DD5C9BFB01}.Release|x86.ActiveCfg = Release|Any CPU
		{B886B317-A924-41DF-8073-29DD5C9BFB01}.Release|x86.Build.0 = Release|Any CPU
		{67604645-64B7-460C-8E51-C552F30D3873}.Debug|Any CPU.ActiveCfg = Debug|Any CPU
		{67604645-64B7-460C-8E51-C552F30D3873}.Debug|Any CPU.Build.0 = Debug|Any CPU
		{67604645-64B7-460C-8E51-C552F30D3873}.Debug|x64.ActiveCfg = Debug|Any CPU
		{67604645-64B7-460C-8E51-C552F30D3873}.Debug|x64.Build.0 = Debug|Any CPU
		{67604645-64B7-460C-8E51-C552F30D3873}.Debug|x86.ActiveCfg = Debug|Any CPU
		{67604645-64B7-460C-8E51-C552F30D3873}.Debug|x86.Build.0 = Debug|Any CPU
		{67604645-64B7-460C-8E51-C552F30D3873}.Release|Any CPU.ActiveCfg = Release|Any CPU
		{67604645-64B7-460C-8E51-C552F30D3873}.Release|Any CPU.Build.0 = Release|Any CPU
		{67604645-64B7-460C-8E51-C552F30D3873}.Release|x64.ActiveCfg = Release|Any CPU
		{67604645-64B7-460C-8E51-C552F30D3873}.Release|x64.Build.0 = Release|Any CPU
		{67604645-64B7-460C-8E51-C552F30D3873}.Release|x86.ActiveCfg = Release|Any CPU
		{67604645-64B7-460C-8E51-C552F30D3873}.Release|x86.Build.0 = Release|Any CPU
		{236E2217-9966-488C-80E5-33D33D2FFD32}.Debug|Any CPU.ActiveCfg = Debug|Any CPU
		{236E2217-9966-488C-80E5-33D33D2FFD32}.Debug|Any CPU.Build.0 = Debug|Any CPU
		{236E2217-9966-488C-80E5-33D33D2FFD32}.Debug|x64.ActiveCfg = Debug|Any CPU
		{236E2217-9966-488C-80E5-33D33D2FFD32}.Debug|x64.Build.0 = Debug|Any CPU
		{236E2217-9966-488C-80E5-33D33D2FFD32}.Debug|x86.ActiveCfg = Debug|Any CPU
		{236E2217-9966-488C-80E5-33D33D2FFD32}.Debug|x86.Build.0 = Debug|Any CPU
		{236E2217-9966-488C-80E5-33D33D2FFD32}.Release|Any CPU.ActiveCfg = Release|Any CPU
		{236E2217-9966-488C-80E5-33D33D2FFD32}.Release|Any CPU.Build.0 = Release|Any CPU
		{236E2217-9966-488C-80E5-33D33D2FFD32}.Release|x64.ActiveCfg = Release|Any CPU
		{236E2217-9966-488C-80E5-33D33D2FFD32}.Release|x64.Build.0 = Release|Any CPU
		{236E2217-9966-488C-80E5-33D33D2FFD32}.Release|x86.ActiveCfg = Release|Any CPU
		{236E2217-9966-488C-80E5-33D33D2FFD32}.Release|x86.Build.0 = Release|Any CPU
		{283F570E-C138-4632-A701-F19575562241}.Debug|Any CPU.ActiveCfg = Debug|x64
		{283F570E-C138-4632-A701-F19575562241}.Debug|Any CPU.Build.0 = Debug|x64
		{283F570E-C138-4632-A701-F19575562241}.Debug|x64.ActiveCfg = Debug|x64
		{283F570E-C138-4632-A701-F19575562241}.Debug|x64.Build.0 = Debug|x64
		{283F570E-C138-4632-A701-F19575562241}.Debug|x86.ActiveCfg = Debug|Any CPU
		{283F570E-C138-4632-A701-F19575562241}.Debug|x86.Build.0 = Debug|Any CPU
		{283F570E-C138-4632-A701-F19575562241}.Release|Any CPU.ActiveCfg = Release|x64
		{283F570E-C138-4632-A701-F19575562241}.Release|Any CPU.Build.0 = Release|x64
		{283F570E-C138-4632-A701-F19575562241}.Release|x64.ActiveCfg = Release|x64
		{283F570E-C138-4632-A701-F19575562241}.Release|x64.Build.0 = Release|x64
		{283F570E-C138-4632-A701-F19575562241}.Release|x86.ActiveCfg = Release|Any CPU
		{283F570E-C138-4632-A701-F19575562241}.Release|x86.Build.0 = Release|Any CPU
		{3C1092AC-BB4E-41EA-81D7-A42A4BB83F49}.Debug|Any CPU.ActiveCfg = Debug|x64
		{3C1092AC-BB4E-41EA-81D7-A42A4BB83F49}.Debug|Any CPU.Build.0 = Debug|x64
		{3C1092AC-BB4E-41EA-81D7-A42A4BB83F49}.Debug|x64.ActiveCfg = Debug|x64
		{3C1092AC-BB4E-41EA-81D7-A42A4BB83F49}.Debug|x64.Build.0 = Debug|x64
		{3C1092AC-BB4E-41EA-81D7-A42A4BB83F49}.Debug|x86.ActiveCfg = Debug|Any CPU
		{3C1092AC-BB4E-41EA-81D7-A42A4BB83F49}.Debug|x86.Build.0 = Debug|Any CPU
		{3C1092AC-BB4E-41EA-81D7-A42A4BB83F49}.Release|Any CPU.ActiveCfg = Release|x64
		{3C1092AC-BB4E-41EA-81D7-A42A4BB83F49}.Release|Any CPU.Build.0 = Release|x64
		{3C1092AC-BB4E-41EA-81D7-A42A4BB83F49}.Release|x64.ActiveCfg = Release|x64
		{3C1092AC-BB4E-41EA-81D7-A42A4BB83F49}.Release|x64.Build.0 = Release|x64
		{3C1092AC-BB4E-41EA-81D7-A42A4BB83F49}.Release|x86.ActiveCfg = Release|Any CPU
		{3C1092AC-BB4E-41EA-81D7-A42A4BB83F49}.Release|x86.Build.0 = Release|Any CPU
		{E5D72B3C-9F84-4A1E-B8C7-2D45E1F93A67}.Debug|Any CPU.ActiveCfg = Debug|x64
		{E5D72B3C-9F84-4A1E-B8C7-2D45E1F93A67}.Debug|Any CPU.Build.0 = Debug|x64
		{E5D72B3C-9F84-4A1E-B8C7-2D45E1F93A67}.Debug|x64.ActiveCfg = Debug|x64
		{E5D72B3C-9F84-4A1E-B8C7-2D45E1F93A67}.Debug|x64.Build.0 = Debug|x64
		{E5D72B3C-9F84-4A1E-B8C7-2D45E1F93A67}.Debug|x86.ActiveCfg = Debug|Any CPU
		{E5D72B3C-9F84-4A1E-B8C7-2D45E1F93A67}.Debug|x86.Build.0 = Debug|Any CPU
		{E5D72B3C-9F84-4A1E-B8C7-2D45E1F93A67}.Release|Any CPU.ActiveCfg = Release|x64
		{E5D72B3C-9F84-4A1E-B8C7-2D45E1F93A67}.Release|Any CPU.Build.0 = Release|x64
		{E5D72B3C-9F84-4A1E-B8C7-2D45E1F93A67}.Release|x64.ActiveCfg = Release|x64
		{E5D72B3C-9F84-4A1E-B8C7-2D45E1F93A67}.Release|x64.Build.0 = Release|x64
		{E5D72B3C-9F84-4A1E-B8C7-2D45E1F93A67}.Release|x86.ActiveCfg = Release|Any CPU
		{E5D72B3C-9F84-4A1E-B8C7-2D45E1F93A67}.Release|x86.Build.0 = Release|Any CPU
		{4EF2E758-D26E-408A-B91A-BBC3024028B1}.Debug|Any CPU.ActiveCfg = Debug|x64
		{4EF2E758-D26E-408A-B91A-BBC3024028B1}.Debug|Any CPU.Build.0 = Debug|x64
		{4EF2E758-D26E-408A-B91A-BBC3024028B1}.Debug|x64.ActiveCfg = Debug|x64
		{4EF2E758-D26E-408A-B91A-BBC3024028B1}.Debug|x64.Build.0 = Debug|x64
		{4EF2E758-D26E-408A-B91A-BBC3024028B1}.Debug|x86.ActiveCfg = Debug|Any CPU
		{4EF2E758-D26E-408A-B91A-BBC3024028B1}.Debug|x86.Build.0 = Debug|Any CPU
		{4EF2E758-D26E-408A-B91A-BBC3024028B1}.Release|Any CPU.ActiveCfg = Release|x64
		{4EF2E758-D26E-408A-B91A-BBC3024028B1}.Release|Any CPU.Build.0 = Release|x64
		{4EF2E758-D26E-408A-B91A-BBC3024028B1}.Release|x64.ActiveCfg = Release|x64
		{4EF2E758-D26E-408A-B91A-BBC3024028B1}.Release|x64.Build.0 = Release|x64
		{4EF2E758-D26E-408A-B91A-BBC3024028B1}.Release|x86.ActiveCfg = Release|Any CPU
		{4EF2E758-D26E-408A-B91A-BBC3024028B1}.Release|x86.Build.0 = Release|Any CPU
		{2D606F34-2208-41CE-9E04-1FA7381672F2}.Debug|Any CPU.ActiveCfg = Debug|x64
		{2D606F34-2208-41CE-9E04-1FA7381672F2}.Debug|Any CPU.Build.0 = Debug|x64
		{2D606F34-2208-41CE-9E04-1FA7381672F2}.Debug|x64.ActiveCfg = Debug|x64
		{2D606F34-2208-41CE-9E04-1FA7381672F2}.Debug|x64.Build.0 = Debug|x64
		{2D606F34-2208-41CE-9E04-1FA7381672F2}.Debug|x86.ActiveCfg = Debug|Any CPU
		{2D606F34-2208-41CE-9E04-1FA7381672F2}.Debug|x86.Build.0 = Debug|Any CPU
		{2D606F34-2208-41CE-9E04-1FA7381672F2}.Release|Any CPU.ActiveCfg = Release|x64
		{2D606F34-2208-41CE-9E04-1FA7381672F2}.Release|Any CPU.Build.0 = Release|x64
		{2D606F34-2208-41CE-9E04-1FA7381672F2}.Release|x64.ActiveCfg = Release|x64
		{2D606F34-2208-41CE-9E04-1FA7381672F2}.Release|x64.Build.0 = Release|x64
		{2D606F34-2208-41CE-9E04-1FA7381672F2}.Release|x86.ActiveCfg = Release|Any CPU
		{2D606F34-2208-41CE-9E04-1FA7381672F2}.Release|x86.Build.0 = Release|Any CPU
		{0EA98B8F-DBA1-4A51-9AA4-FD1C437904D6}.Debug|Any CPU.ActiveCfg = Debug|x64
		{0EA98B8F-DBA1-4A51-9AA4-FD1C437904D6}.Debug|Any CPU.Build.0 = Debug|x64
		{0EA98B8F-DBA1-4A51-9AA4-FD1C437904D6}.Debug|x64.ActiveCfg = Debug|x64
		{0EA98B8F-DBA1-4A51-9AA4-FD1C437904D6}.Debug|x64.Build.0 = Debug|x64
		{0EA98B8F-DBA1-4A51-9AA4-FD1C437904D6}.Debug|x86.ActiveCfg = Debug|Any CPU
		{0EA98B8F-DBA1-4A51-9AA4-FD1C437904D6}.Debug|x86.Build.0 = Debug|Any CPU
		{0EA98B8F-DBA1-4A51-9AA4-FD1C437904D6}.Release|Any CPU.ActiveCfg = Release|x64
		{0EA98B8F-DBA1-4A51-9AA4-FD1C437904D6}.Release|Any CPU.Build.0 = Release|x64
		{0EA98B8F-DBA1-4A51-9AA4-FD1C437904D6}.Release|x64.ActiveCfg = Release|x64
		{0EA98B8F-DBA1-4A51-9AA4-FD1C437904D6}.Release|x64.Build.0 = Release|x64
		{0EA98B8F-DBA1-4A51-9AA4-FD1C437904D6}.Release|x86.ActiveCfg = Release|Any CPU
		{0EA98B8F-DBA1-4A51-9AA4-FD1C437904D6}.Release|x86.Build.0 = Release|Any CPU
		{2C5B11C8-620F-4E92-AFB3-919ABF5C0A1B}.Debug|Any CPU.ActiveCfg = Debug|x64
		{2C5B11C8-620F-4E92-AFB3-919ABF5C0A1B}.Debug|Any CPU.Build.0 = Debug|x64
		{2C5B11C8-620F-4E92-AFB3-919ABF5C0A1B}.Debug|x64.ActiveCfg = Debug|x64
		{2C5B11C8-620F-4E92-AFB3-919ABF5C0A1B}.Debug|x64.Build.0 = Debug|x64
		{2C5B11C8-620F-4E92-AFB3-919ABF5C0A1B}.Debug|x86.ActiveCfg = Debug|Any CPU
		{2C5B11C8-620F-4E92-AFB3-919ABF5C0A1B}.Debug|x86.Build.0 = Debug|Any CPU
		{2C5B11C8-620F-4E92-AFB3-919ABF5C0A1B}.Release|Any CPU.ActiveCfg = Release|x64
		{2C5B11C8-620F-4E92-AFB3-919ABF5C0A1B}.Release|Any CPU.Build.0 = Release|x64
		{2C5B11C8-620F-4E92-AFB3-919ABF5C0A1B}.Release|x64.ActiveCfg = Release|x64
		{2C5B11C8-620F-4E92-AFB3-919ABF5C0A1B}.Release|x64.Build.0 = Release|x64
		{2C5B11C8-620F-4E92-AFB3-919ABF5C0A1B}.Release|x86.ActiveCfg = Release|Any CPU
		{2C5B11C8-620F-4E92-AFB3-919ABF5C0A1B}.Release|x86.Build.0 = Release|Any CPU
		{2ADD7A3D-88A8-44D5-87F8-F5C2F70DBF95}.Debug|Any CPU.ActiveCfg = Debug|x64
		{2ADD7A3D-88A8-44D5-87F8-F5C2F70DBF95}.Debug|Any CPU.Build.0 = Debug|x64
		{2ADD7A3D-88A8-44D5-87F8-F5C2F70DBF95}.Debug|x64.ActiveCfg = Debug|x64
		{2ADD7A3D-88A8-44D5-87F8-F5C2F70DBF95}.Debug|x64.Build.0 = Debug|x64
		{2ADD7A3D-88A8-44D5-87F8-F5C2F70DBF95}.Debug|x86.ActiveCfg = Debug|x64
		{2ADD7A3D-88A8-44D5-87F8-F5C2F70DBF95}.Debug|x86.Build.0 = Debug|x64
		{2ADD7A3D-88A8-44D5-87F8-F5C2F70DBF95}.Release|Any CPU.ActiveCfg = Release|x64
		{2ADD7A3D-88A8-44D5-87F8-F5C2F70DBF95}.Release|Any CPU.Build.0 = Release|x64
		{2ADD7A3D-88A8-44D5-87F8-F5C2F70DBF95}.Release|x64.ActiveCfg = Release|x64
		{2ADD7A3D-88A8-44D5-87F8-F5C2F70DBF95}.Release|x64.Build.0 = Release|x64
		{2ADD7A3D-88A8-44D5-87F8-F5C2F70DBF95}.Release|x86.ActiveCfg = Release|x64
		{2ADD7A3D-88A8-44D5-87F8-F5C2F70DBF95}.Release|x86.Build.0 = Release|x64
		{3ECCE9F3-DD29-44E5-A70F-0AF9918AE294}.Debug|Any CPU.ActiveCfg = Debug|x64
		{3ECCE9F3-DD29-44E5-A70F-0AF9918AE294}.Debug|Any CPU.Build.0 = Debug|x64
		{3ECCE9F3-DD29-44E5-A70F-0AF9918AE294}.Debug|x64.ActiveCfg = Debug|x64
		{3ECCE9F3-DD29-44E5-A70F-0AF9918AE294}.Debug|x64.Build.0 = Debug|x64
		{3ECCE9F3-DD29-44E5-A70F-0AF9918AE294}.Debug|x86.ActiveCfg = Debug|x64
		{3ECCE9F3-DD29-44E5-A70F-0AF9918AE294}.Debug|x86.Build.0 = Debug|x64
		{3ECCE9F3-DD29-44E5-A70F-0AF9918AE294}.Release|Any CPU.ActiveCfg = Release|x64
		{3ECCE9F3-DD29-44E5-A70F-0AF9918AE294}.Release|Any CPU.Build.0 = Release|x64
		{3ECCE9F3-DD29-44E5-A70F-0AF9918AE294}.Release|x64.ActiveCfg = Release|x64
		{3ECCE9F3-DD29-44E5-A70F-0AF9918AE294}.Release|x64.Build.0 = Release|x64
		{3ECCE9F3-DD29-44E5-A70F-0AF9918AE294}.Release|x86.ActiveCfg = Release|x64
		{3ECCE9F3-DD29-44E5-A70F-0AF9918AE294}.Release|x86.Build.0 = Release|x64
	EndGlobalSection
	GlobalSection(SolutionProperties) = preSolution
		HideSolutionNode = FALSE
	EndGlobalSection
	GlobalSection(NestedProjects) = preSolution
		{12530382-EE14-41A7-834A-BEFFED3439FB} = {827E0CD3-B72D-47B6-A68D-7590B98EB39B}
		{EABF583A-A604-4DA7-8A80-687AD9E48F05} = {827E0CD3-B72D-47B6-A68D-7590B98EB39B}
		{B886B317-A924-41DF-8073-29DD5C9BFB01} = {827E0CD3-B72D-47B6-A68D-7590B98EB39B}
		{67604645-64B7-460C-8E51-C552F30D3873} = {827E0CD3-B72D-47B6-A68D-7590B98EB39B}
		{236E2217-9966-488C-80E5-33D33D2FFD32} = {827E0CD3-B72D-47B6-A68D-7590B98EB39B}
		{283F570E-C138-4632-A701-F19575562241} = {827E0CD3-B72D-47B6-A68D-7590B98EB39B}
		{3C1092AC-BB4E-41EA-81D7-A42A4BB83F49} = {07D57EEB-2F50-60C4-C011-FE4FA775C9A8}
		{E5D72B3C-9F84-4A1E-B8C7-2D45E1F93A67} = {07D57EEB-2F50-60C4-C011-FE4FA775C9A8}
		{4EF2E758-D26E-408A-B91A-BBC3024028B1} = {07D57EEB-2F50-60C4-C011-FE4FA775C9A8}
		{2D606F34-2208-41CE-9E04-1FA7381672F2} = {07D57EEB-2F50-60C4-C011-FE4FA775C9A8}
		{0EA98B8F-DBA1-4A51-9AA4-FD1C437904D6} = {07D57EEB-2F50-60C4-C011-FE4FA775C9A8}
		{2C5B11C8-620F-4E92-AFB3-919ABF5C0A1B} = {07D57EEB-2F50-60C4-C011-FE4FA775C9A8}
		{2ADD7A3D-88A8-44D5-87F8-F5C2F70DBF95} = {07D57EEB-2F50-60C4-C011-FE4FA775C9A8}
		{3ECCE9F3-DD29-44E5-A70F-0AF9918AE294} = {07D57EEB-2F50-60C4-C011-FE4FA775C9A8}
	EndGlobalSection
	GlobalSection(ExtensibilityGlobals) = postSolution
		SolutionGuid = {18FCD67D-F721-4679-A84D-FCEEF635AF00}
	EndGlobalSection
EndGlobal
